
Microsoft Visual Studio Solution File, Format Version 12.00
# Visual Studio 2013
VisualStudioVersion = 12.0.40629.0
MinimumVisualStudioVersion = 10.0.40219.1
Project("{8BC9CEB8-8B4A-11D0-8D11-00A0C91BC942}") = "avalanche2", "avalanche2\avalanche2.vcxproj", "{03F9ACB7-B0E8-43B8-A8E0-3816B3EC4719}"
EndProject
Project("{8BC9CEB8-8B4A-11D0-8D11-00A0C91BC942}") = "corr", "corr\corr.vcxproj", "{7849A4AA-054A-4764-B459-F8EEBB8345FC}"
EndProject
Project("{8BC9CEB8-8B4A-11D0-8D11-00A0C91BC942}") = "test", "test\test.vcxproj", "{D561A8C3-2676-4D10-97EF-F6D11DB7BA50}"
EndProject
Project("{8BC9CEB8-8B4A-11D0-8D11-00A0C91BC942}") = "tilize", "tilize\tilize.vcxproj", "{7807DA3A-D710-40E8-9AA6-9CCA2362D0F4}"
EndProject
Project("{8BC9CEB8-8B4A-11D0-8D11-00A0C91BC942}") = "textize", "textize\textize.vcxproj", "{A2EF585E-82A0-4FB7-BD72-4052A366E166}"
EndProject
Project("{8BC9CEB8-8B4A-11D0-8D11-00A0C91BC942}") = "periodic_stress", "periodic_stress\periodic_stress.vcxproj", "{62298714-537D-437B-808A-4B8520EC08D1}"
EndProject
Project("{8BC9CEB8-8B4A-11D0-8D11-00A0C91BC942}") = "analyse", "analyse\analyse.vcxproj", "{C2E96A98-5070-4E6C-ADDD-F8D7A1D372ED}"
EndProject
Project("{2150E333-8FDC-42A3-9474-1A3956D46DE8}") = "SandBox", "SandBox", "{4368F5FB-FC33-4285-B774-1145CA7CC19A}"
EndProject
Project("{8BC9CEB8-8B4A-11D0-8D11-00A0C91BC942}") = "shape", "shape\shape.vcxproj", "{7887840C-3808-4307-BC50-D53F6FC8CFC2}"
EndProject
Project("{8BC9CEB8-8B4A-11D0-8D11-00A0C91BC942}") = "scriptwriter", "scriptwriter\scriptwriter.vcxproj", "{E0ABC4B4-EB55-4567-9553-3DBCA3C49B33}"
EndProject
Project("{2150E333-8FDC-42A3-9474-1A3956D46DE8}") = "Map", "Map", "{39DA80D3-1F78-4F24-8335-7975CF8BFBB6}"
EndProject
Project("{2150E333-8FDC-42A3-9474-1A3956D46DE8}") = "Small", "Small", "{5A157524-FFB4-48A8-AA60-239614D45285}"
EndProject
Project("{2150E333-8FDC-42A3-9474-1A3956D46DE8}") = "Evaluate", "Evaluate", "{067FA485-0B6D-400D-8C7E-2DF416AB387C}"
EndProject
Project("{8BC9CEB8-8B4A-11D0-8D11-00A0C91BC942}") = "statistics", "statistics\statistics.vcxproj", "{2070B2FD-4D8E-4D42-823C-8F9B25FED260}"
EndProject
Project("{8BC9CEB8-8B4A-11D0-8D11-00A0C91BC942}") = "shape_stat", "shape_stat\shape_stat.vcxproj", "{46B71BC4-77D7-4C71-BFF7-00FA3864D849}"
EndProject
Project("{8BC9CEB8-8B4A-11D0-8D11-00A0C91BC942}") = "EWsimul", "EWsimul\EWsimul.vcxproj", "{AFF8E664-7899-4A1F-A893-8C7EA2A53BD3}"
EndProject
Project("{8BC9CEB8-8B4A-11D0-8D11-00A0C91BC942}") = "EWevaul", "EWevaul\EWevaul.vcxproj", "{CDD6C641-8598-40FA-A1E4-12833F381C30}"
EndProject
Project("{8BC9CEB8-8B4A-11D0-8D11-00A0C91BC942}") = "RWsimul", "RWsimul\RWsimul.vcxproj", "{BFE9BA14-F2AF-4DE1-BDBF-6E8A9062E08B}"
EndProject
Project("{2150E333-8FDC-42A3-9474-1A3956D46DE8}") = "fractals", "fractals", "{75DE883C-2467-466D-9BED-17DF4A9592F6}"
EndProject
Project("{8BC9CEB8-8B4A-11D0-8D11-00A0C91BC942}") = "fractal", "fractal\fractal.vcxproj", "{7F6447A8-B1AE-4B96-9FE1-B2BF35A06CE1}"
EndProject
Project("{8BC9CEB8-8B4A-11D0-8D11-00A0C91BC942}") = "RW2D", "RW2D\RW2D.vcxproj", "{2AA22453-8274-4FA1-83E3-38FA37CFE1BF}"
EndProject
Project("{8BC9CEB8-8B4A-11D0-8D11-00A0C91BC942}") = "corrfrac1D", "corrfrac1D\corrfrac1D.vcxproj", "{CA5372B3-1DC4-4296-B5A5-931A2700AC49}"
EndProject
Project("{8BC9CEB8-8B4A-11D0-8D11-00A0C91BC942}") = "rdependence", "rdependence\rdependence.vcxproj", "{55C5B1CF-B891-4158-B84F-4289A3ADCE0F}"
EndProject
Project("{8BC9CEB8-8B4A-11D0-8D11-00A0C91BC942}") = "simplifier", "simplifier\simplifier.vcxproj", "{E8D69D28-0865-4188-8AA1-FCB06BB23BFF}"
EndProject
Project("{8BC9CEB8-8B4A-11D0-8D11-00A0C91BC942}") = "rintegrate", "rintegrate\rintegrate.vcxproj", "{6A76F381-0A8F-4DE1-9D0A-E46FC4FA5A00}"
EndProject
Project("{8BC9CEB8-8B4A-11D0-8D11-00A0C91BC942}") = "pNd2txt", "pNd2txt\pNd2txt.vcxproj", "{BAE08D64-51DD-4779-B902-C1466404C8EC}"
EndProject
Project("{8BC9CEB8-8B4A-11D0-8D11-00A0C91BC942}") = "compav", "compav\compav.vcxproj", "{264A935E-A76E-4919-801E-C8E49293207A}"
EndProject
Project("{8BC9CEB8-8B4A-11D0-8D11-00A0C91BC942}") = "normalize", "normalize\normalize.vcxproj", "{FC706816-4011-4C6F-B804-5D63B7107B79}"
EndProject
Project("{8BC9CEB8-8B4A-11D0-8D11-00A0C91BC942}") = "arithmetic", "arithmetic\arithmetic.vcxproj", "{C94874CE-8C51-4606-8328-02F00A29A828}"
EndProject
Project("{8BC9CEB8-8B4A-11D0-8D11-00A0C91BC942}") = "periodic_stress2", "periodic_stress2\periodic_stress2.vcxproj", "{4B8390CD-ED15-4D32-B165-C5AAF11FC18A}"
EndProject
Project("{8BC9CEB8-8B4A-11D0-8D11-00A0C91BC942}") = "deleteif", "deleteif\deleteif.vcxproj", "{1CC39881-B8C9-425D-B19D-F8B7D26E54AE}"
EndProject
Project("{8BC9CEB8-8B4A-11D0-8D11-00A0C91BC942}") = "localisation", "localisation\localisation.vcxproj", "{A805D341-2D59-4DAC-800C-815D977E2964}"
EndProject
Project("{8BC9CEB8-8B4A-11D0-8D11-00A0C91BC942}") = "hist_average", "hist_average\hist_average.vcxproj", "{F0AF1C74-5127-405F-B273-DC5489D7500A}"
EndProject
Project("{8BC9CEB8-8B4A-11D0-8D11-00A0C91BC942}") = "strain_evol_supersample", "strain_evol_supersample\strain_evol_supersample.vcxproj", "{12DAD65A-B6AD-4DF6-BEB5-235DCBC5B5E3}"
EndProject
Project("{8BC9CEB8-8B4A-11D0-8D11-00A0C91BC942}") = "distribution", "distribution\distribution.vcxproj", "{1D305438-CB27-42A7-B46D-266D26E5D0D4}"
EndProject
Project("{8BC9CEB8-8B4A-11D0-8D11-00A0C91BC942}") = "difft_def_corr", "difft_def_corr\difft_def_corr.vcxproj", "{3D033E2E-7050-486F-8B11-731909AA533F}"
EndProject
Project("{2150E333-8FDC-42A3-9474-1A3956D46DE8}") = "deprecated", "deprecated", "{F4CE8AC7-4F36-46C2-95EC-607E765A74E2}"
EndProject
Project("{8BC9CEB8-8B4A-11D0-8D11-00A0C91BC942}") = "full_reconstruct", "full_reconstruct\full_reconstruct.vcxproj", "{F60125F0-E6A1-4AA3-B1B0-3CB2CC7CEA60}"
EndProject
Project("{8BC9CEB8-8B4A-11D0-8D11-00A0C91BC942}") = "isp_pattern", "isp_pattern\isp_pattern.vcxproj", "{70277128-4896-4ACA-B15E-737D6268C2FB}"
EndProject
Project("{8BC9CEB8-8B4A-11D0-8D11-00A0C91BC942}") = "avalanche3", "avalanche3\avalanche3.vcxproj", "{C71371D8-FAB1-4A05-81B2-8EB0BE8EDF10}"
EndProject
Project("{8BC9CEB8-8B4A-11D0-8D11-00A0C91BC942}") = "stoch_cont_dd_twoway_ed2", "stoch_cont_dd_twoway_ed2\stoch_cont_dd_twoway_ed2.vcxproj", "{5873CC81-004F-4164-A396-5E96944B82A2}"
EndProject
Project("{8BC9CEB8-8B4A-11D0-8D11-00A0C91BC942}") = "mp_ddd", "mp_ddd\mp_ddd.vcxproj", "{71C82686-36D9-44ED-B40B-5999C26F1FEE}"
EndProject
Project("{8BC9CEB8-8B4A-11D0-8D11-00A0C91BC942}") = "correlation_integral", "correlation_integral\correlation_integral.vcxproj", "{13048694-C584-4686-B1D3-C2BF86A28D82}"
EndProject
Project("{8BC9CEB8-8B4A-11D0-8D11-00A0C91BC942}") = "binary-integerWriteRead", "binary-integerWriteRead\binary-integerWriteRead.vcxproj", "{AA32EB09-71AD-445D-BB65-2F49011BFDC7}"
EndProject
Project("{8BC9CEB8-8B4A-11D0-8D11-00A0C91BC942}") = "pNe2console", "pNe2console\pNe2console.vcxproj", "{807DC5E7-FE70-4D75-AE84-669025870E23}"
EndProject
Project("{8BC9CEB8-8B4A-11D0-8D11-00A0C91BC942}") = "av3_reconstruct", "av3_reconstruct\av3_reconstruct.vcxproj", "{63A0BA51-CFCF-4E12-87BC-C2EB341DE1A4}"
EndProject
Project("{8BC9CEB8-8B4A-11D0-8D11-00A0C91BC942}") = "fftw_tests", "fftw_tests\fftw_tests.vcxproj", "{C3312A95-AA1B-4741-ABBB-97CA058A8219}"
EndProject
Project("{8BC9CEB8-8B4A-11D0-8D11-00A0C91BC942}") = "block_data_tester", "block_data_tester\block_data_tester.vcxproj", "{72658D66-7BA6-4D47-9E6C-28BFF8AA4EE5}"
EndProject
Project("{2150E333-8FDC-42A3-9474-1A3956D46DE8}") = "class testers", "class testers", "{D6ECB875-3D14-40FD-9C3B-8B0DEDB58766}"
EndProject
Project("{8BC9CEB8-8B4A-11D0-8D11-00A0C91BC942}") = "lantern1D", "lantern1D\lantern1D.vcxproj", "{8FA95C98-A4E6-4FF0-994A-383A4F5D9D8E}"
EndProject
Global
	GlobalSection(SolutionConfigurationPlatforms) = preSolution
		Debug_GPU|Any CPU = Debug_GPU|Any CPU
		Debug_GPU|Mixed Platforms = Debug_GPU|Mixed Platforms
		Debug_GPU|Win32 = Debug_GPU|Win32
		Debug_GPU|x64 = Debug_GPU|x64
		Debug|Any CPU = Debug|Any CPU
		Debug|Mixed Platforms = Debug|Mixed Platforms
		Debug|Win32 = Debug|Win32
		Debug|x64 = Debug|x64
		Release_GPU|Any CPU = Release_GPU|Any CPU
		Release_GPU|Mixed Platforms = Release_GPU|Mixed Platforms
		Release_GPU|Win32 = Release_GPU|Win32
		Release_GPU|x64 = Release_GPU|x64
		Release|Any CPU = Release|Any CPU
		Release|Mixed Platforms = Release|Mixed Platforms
		Release|Win32 = Release|Win32
		Release|x64 = Release|x64
	EndGlobalSection
	GlobalSection(ProjectConfigurationPlatforms) = postSolution
		{03F9ACB7-B0E8-43B8-A8E0-3816B3EC4719}.Debug_GPU|Any CPU.ActiveCfg = Debug_GPU|Win32
		{03F9ACB7-B0E8-43B8-A8E0-3816B3EC4719}.Debug_GPU|Mixed Platforms.ActiveCfg = Debug_GPU|Win32
		{03F9ACB7-B0E8-43B8-A8E0-3816B3EC4719}.Debug_GPU|Mixed Platforms.Build.0 = Debug_GPU|Win32
		{03F9ACB7-B0E8-43B8-A8E0-3816B3EC4719}.Debug_GPU|Win32.ActiveCfg = Debug_GPU|Win32
		{03F9ACB7-B0E8-43B8-A8E0-3816B3EC4719}.Debug_GPU|Win32.Build.0 = Debug_GPU|Win32
		{03F9ACB7-B0E8-43B8-A8E0-3816B3EC4719}.Debug_GPU|x64.ActiveCfg = Debug_GPU|Win32
		{03F9ACB7-B0E8-43B8-A8E0-3816B3EC4719}.Debug|Any CPU.ActiveCfg = Debug|Win32
		{03F9ACB7-B0E8-43B8-A8E0-3816B3EC4719}.Debug|Mixed Platforms.ActiveCfg = Debug|Win32
		{03F9ACB7-B0E8-43B8-A8E0-3816B3EC4719}.Debug|Mixed Platforms.Build.0 = Debug|Win32
		{03F9ACB7-B0E8-43B8-A8E0-3816B3EC4719}.Debug|Win32.ActiveCfg = Debug|Win32
		{03F9ACB7-B0E8-43B8-A8E0-3816B3EC4719}.Debug|Win32.Build.0 = Debug|Win32
		{03F9ACB7-B0E8-43B8-A8E0-3816B3EC4719}.Debug|x64.ActiveCfg = Debug|Win32
		{03F9ACB7-B0E8-43B8-A8E0-3816B3EC4719}.Debug|x64.Build.0 = Debug|Win32
		{03F9ACB7-B0E8-43B8-A8E0-3816B3EC4719}.Release_GPU|Any CPU.ActiveCfg = Release_GPU|Win32
		{03F9ACB7-B0E8-43B8-A8E0-3816B3EC4719}.Release_GPU|Mixed Platforms.ActiveCfg = Release_GPU|Win32
		{03F9ACB7-B0E8-43B8-A8E0-3816B3EC4719}.Release_GPU|Mixed Platforms.Build.0 = Release_GPU|Win32
		{03F9ACB7-B0E8-43B8-A8E0-3816B3EC4719}.Release_GPU|Win32.ActiveCfg = Release_GPU|Win32
		{03F9ACB7-B0E8-43B8-A8E0-3816B3EC4719}.Release_GPU|Win32.Build.0 = Release_GPU|Win32
		{03F9ACB7-B0E8-43B8-A8E0-3816B3EC4719}.Release_GPU|x64.ActiveCfg = Release_GPU|Win32
		{03F9ACB7-B0E8-43B8-A8E0-3816B3EC4719}.Release|Any CPU.ActiveCfg = Release|Win32
		{03F9ACB7-B0E8-43B8-A8E0-3816B3EC4719}.Release|Mixed Platforms.ActiveCfg = Release|Win32
		{03F9ACB7-B0E8-43B8-A8E0-3816B3EC4719}.Release|Mixed Platforms.Build.0 = Release|Win32
		{03F9ACB7-B0E8-43B8-A8E0-3816B3EC4719}.Release|Win32.ActiveCfg = Release|Win32
		{03F9ACB7-B0E8-43B8-A8E0-3816B3EC4719}.Release|Win32.Build.0 = Release|Win32
		{03F9ACB7-B0E8-43B8-A8E0-3816B3EC4719}.Release|Win32.Deploy.0 = Release|Win32
		{03F9ACB7-B0E8-43B8-A8E0-3816B3EC4719}.Release|x64.ActiveCfg = Release|Win32
		{03F9ACB7-B0E8-43B8-A8E0-3816B3EC4719}.Release|x64.Build.0 = Release|Win32
		{7849A4AA-054A-4764-B459-F8EEBB8345FC}.Debug_GPU|Any CPU.ActiveCfg = Debug|Win32
		{7849A4AA-054A-4764-B459-F8EEBB8345FC}.Debug_GPU|Mixed Platforms.ActiveCfg = Debug|Win32
		{7849A4AA-054A-4764-B459-F8EEBB8345FC}.Debug_GPU|Mixed Platforms.Build.0 = Debug|Win32
		{7849A4AA-054A-4764-B459-F8EEBB8345FC}.Debug_GPU|Win32.ActiveCfg = Debug|Win32
		{7849A4AA-054A-4764-B459-F8EEBB8345FC}.Debug_GPU|Win32.Build.0 = Debug|Win32
		{7849A4AA-054A-4764-B459-F8EEBB8345FC}.Debug_GPU|x64.ActiveCfg = Debug|Win32
		{7849A4AA-054A-4764-B459-F8EEBB8345FC}.Debug|Any CPU.ActiveCfg = Debug|Win32
		{7849A4AA-054A-4764-B459-F8EEBB8345FC}.Debug|Mixed Platforms.ActiveCfg = Debug|Win32
		{7849A4AA-054A-4764-B459-F8EEBB8345FC}.Debug|Mixed Platforms.Build.0 = Debug|Win32
		{7849A4AA-054A-4764-B459-F8EEBB8345FC}.Debug|Win32.ActiveCfg = Debug|Win32
		{7849A4AA-054A-4764-B459-F8EEBB8345FC}.Debug|Win32.Build.0 = Debug|Win32
		{7849A4AA-054A-4764-B459-F8EEBB8345FC}.Debug|x64.ActiveCfg = Debug|Win32
		{7849A4AA-054A-4764-B459-F8EEBB8345FC}.Debug|x64.Build.0 = Debug|Win32
		{7849A4AA-054A-4764-B459-F8EEBB8345FC}.Release_GPU|Any CPU.ActiveCfg = Release|Win32
		{7849A4AA-054A-4764-B459-F8EEBB8345FC}.Release_GPU|Mixed Platforms.ActiveCfg = Release|Win32
		{7849A4AA-054A-4764-B459-F8EEBB8345FC}.Release_GPU|Mixed Platforms.Build.0 = Release|Win32
		{7849A4AA-054A-4764-B459-F8EEBB8345FC}.Release_GPU|Win32.ActiveCfg = Release|Win32
		{7849A4AA-054A-4764-B459-F8EEBB8345FC}.Release_GPU|Win32.Build.0 = Release|Win32
		{7849A4AA-054A-4764-B459-F8EEBB8345FC}.Release_GPU|x64.ActiveCfg = Release|Win32
		{7849A4AA-054A-4764-B459-F8EEBB8345FC}.Release|Any CPU.ActiveCfg = Release|Win32
		{7849A4AA-054A-4764-B459-F8EEBB8345FC}.Release|Mixed Platforms.ActiveCfg = Release|Win32
		{7849A4AA-054A-4764-B459-F8EEBB8345FC}.Release|Mixed Platforms.Build.0 = Release|Win32
		{7849A4AA-054A-4764-B459-F8EEBB8345FC}.Release|Win32.ActiveCfg = Release|Win32
		{7849A4AA-054A-4764-B459-F8EEBB8345FC}.Release|Win32.Build.0 = Release|Win32
		{7849A4AA-054A-4764-B459-F8EEBB8345FC}.Release|x64.ActiveCfg = Release|Win32
		{7849A4AA-054A-4764-B459-F8EEBB8345FC}.Release|x64.Build.0 = Release|Win32
		{D561A8C3-2676-4D10-97EF-F6D11DB7BA50}.Debug_GPU|Any CPU.ActiveCfg = Debug|Win32
		{D561A8C3-2676-4D10-97EF-F6D11DB7BA50}.Debug_GPU|Mixed Platforms.ActiveCfg = Debug|Win32
		{D561A8C3-2676-4D10-97EF-F6D11DB7BA50}.Debug_GPU|Mixed Platforms.Build.0 = Debug|Win32
		{D561A8C3-2676-4D10-97EF-F6D11DB7BA50}.Debug_GPU|Win32.ActiveCfg = Debug|Win32
		{D561A8C3-2676-4D10-97EF-F6D11DB7BA50}.Debug_GPU|Win32.Build.0 = Debug|Win32
		{D561A8C3-2676-4D10-97EF-F6D11DB7BA50}.Debug_GPU|x64.ActiveCfg = Debug|x64
		{D561A8C3-2676-4D10-97EF-F6D11DB7BA50}.Debug_GPU|x64.Build.0 = Debug|x64
		{D561A8C3-2676-4D10-97EF-F6D11DB7BA50}.Debug|Any CPU.ActiveCfg = Debug|Win32
		{D561A8C3-2676-4D10-97EF-F6D11DB7BA50}.Debug|Mixed Platforms.ActiveCfg = Debug|Win32
		{D561A8C3-2676-4D10-97EF-F6D11DB7BA50}.Debug|Mixed Platforms.Build.0 = Debug|Win32
		{D561A8C3-2676-4D10-97EF-F6D11DB7BA50}.Debug|Win32.ActiveCfg = Debug|Win32
		{D561A8C3-2676-4D10-97EF-F6D11DB7BA50}.Debug|Win32.Build.0 = Debug|Win32
		{D561A8C3-2676-4D10-97EF-F6D11DB7BA50}.Debug|x64.ActiveCfg = Debug|x64
		{D561A8C3-2676-4D10-97EF-F6D11DB7BA50}.Debug|x64.Build.0 = Debug|x64
		{D561A8C3-2676-4D10-97EF-F6D11DB7BA50}.Release_GPU|Any CPU.ActiveCfg = Release|Win32
		{D561A8C3-2676-4D10-97EF-F6D11DB7BA50}.Release_GPU|Mixed Platforms.ActiveCfg = Release|Win32
		{D561A8C3-2676-4D10-97EF-F6D11DB7BA50}.Release_GPU|Mixed Platforms.Build.0 = Release|Win32
		{D561A8C3-2676-4D10-97EF-F6D11DB7BA50}.Release_GPU|Win32.ActiveCfg = Release|Win32
		{D561A8C3-2676-4D10-97EF-F6D11DB7BA50}.Release_GPU|Win32.Build.0 = Release|Win32
		{D561A8C3-2676-4D10-97EF-F6D11DB7BA50}.Release_GPU|x64.ActiveCfg = Release|x64
		{D561A8C3-2676-4D10-97EF-F6D11DB7BA50}.Release_GPU|x64.Build.0 = Release|x64
		{D561A8C3-2676-4D10-97EF-F6D11DB7BA50}.Release|Any CPU.ActiveCfg = Release|Win32
		{D561A8C3-2676-4D10-97EF-F6D11DB7BA50}.Release|Mixed Platforms.ActiveCfg = Release|Win32
		{D561A8C3-2676-4D10-97EF-F6D11DB7BA50}.Release|Mixed Platforms.Build.0 = Release|Win32
		{D561A8C3-2676-4D10-97EF-F6D11DB7BA50}.Release|Win32.ActiveCfg = Release|Win32
		{D561A8C3-2676-4D10-97EF-F6D11DB7BA50}.Release|Win32.Build.0 = Release|Win32
		{D561A8C3-2676-4D10-97EF-F6D11DB7BA50}.Release|x64.ActiveCfg = Release|x64
		{D561A8C3-2676-4D10-97EF-F6D11DB7BA50}.Release|x64.Build.0 = Release|x64
		{7807DA3A-D710-40E8-9AA6-9CCA2362D0F4}.Debug_GPU|Any CPU.ActiveCfg = Debug|Win32
		{7807DA3A-D710-40E8-9AA6-9CCA2362D0F4}.Debug_GPU|Mixed Platforms.ActiveCfg = Debug|Win32
		{7807DA3A-D710-40E8-9AA6-9CCA2362D0F4}.Debug_GPU|Mixed Platforms.Build.0 = Debug|Win32
		{7807DA3A-D710-40E8-9AA6-9CCA2362D0F4}.Debug_GPU|Win32.ActiveCfg = Debug|Win32
		{7807DA3A-D710-40E8-9AA6-9CCA2362D0F4}.Debug_GPU|Win32.Build.0 = Debug|Win32
		{7807DA3A-D710-40E8-9AA6-9CCA2362D0F4}.Debug_GPU|x64.ActiveCfg = Debug|Win32
		{7807DA3A-D710-40E8-9AA6-9CCA2362D0F4}.Debug|Any CPU.ActiveCfg = Debug|Win32
		{7807DA3A-D710-40E8-9AA6-9CCA2362D0F4}.Debug|Mixed Platforms.ActiveCfg = Debug|Win32
		{7807DA3A-D710-40E8-9AA6-9CCA2362D0F4}.Debug|Mixed Platforms.Build.0 = Debug|Win32
		{7807DA3A-D710-40E8-9AA6-9CCA2362D0F4}.Debug|Win32.ActiveCfg = Debug|Win32
		{7807DA3A-D710-40E8-9AA6-9CCA2362D0F4}.Debug|Win32.Build.0 = Debug|Win32
		{7807DA3A-D710-40E8-9AA6-9CCA2362D0F4}.Debug|x64.ActiveCfg = Debug|Win32
		{7807DA3A-D710-40E8-9AA6-9CCA2362D0F4}.Debug|x64.Build.0 = Debug|Win32
		{7807DA3A-D710-40E8-9AA6-9CCA2362D0F4}.Release_GPU|Any CPU.ActiveCfg = Release|Win32
		{7807DA3A-D710-40E8-9AA6-9CCA2362D0F4}.Release_GPU|Mixed Platforms.ActiveCfg = Release|Win32
		{7807DA3A-D710-40E8-9AA6-9CCA2362D0F4}.Release_GPU|Mixed Platforms.Build.0 = Release|Win32
		{7807DA3A-D710-40E8-9AA6-9CCA2362D0F4}.Release_GPU|Win32.ActiveCfg = Release|Win32
		{7807DA3A-D710-40E8-9AA6-9CCA2362D0F4}.Release_GPU|Win32.Build.0 = Release|Win32
		{7807DA3A-D710-40E8-9AA6-9CCA2362D0F4}.Release_GPU|x64.ActiveCfg = Release|Win32
		{7807DA3A-D710-40E8-9AA6-9CCA2362D0F4}.Release|Any CPU.ActiveCfg = Release|Win32
		{7807DA3A-D710-40E8-9AA6-9CCA2362D0F4}.Release|Mixed Platforms.ActiveCfg = Release|Win32
		{7807DA3A-D710-40E8-9AA6-9CCA2362D0F4}.Release|Mixed Platforms.Build.0 = Release|Win32
		{7807DA3A-D710-40E8-9AA6-9CCA2362D0F4}.Release|Win32.ActiveCfg = Release|Win32
		{7807DA3A-D710-40E8-9AA6-9CCA2362D0F4}.Release|Win32.Build.0 = Release|Win32
		{7807DA3A-D710-40E8-9AA6-9CCA2362D0F4}.Release|x64.ActiveCfg = Release|Win32
		{7807DA3A-D710-40E8-9AA6-9CCA2362D0F4}.Release|x64.Build.0 = Release|Win32
		{A2EF585E-82A0-4FB7-BD72-4052A366E166}.Debug_GPU|Any CPU.ActiveCfg = Debug|Win32
		{A2EF585E-82A0-4FB7-BD72-4052A366E166}.Debug_GPU|Mixed Platforms.ActiveCfg = Debug|Win32
		{A2EF585E-82A0-4FB7-BD72-4052A366E166}.Debug_GPU|Mixed Platforms.Build.0 = Debug|Win32
		{A2EF585E-82A0-4FB7-BD72-4052A366E166}.Debug_GPU|Win32.ActiveCfg = Debug|Win32
		{A2EF585E-82A0-4FB7-BD72-4052A366E166}.Debug_GPU|Win32.Build.0 = Debug|Win32
		{A2EF585E-82A0-4FB7-BD72-4052A366E166}.Debug_GPU|x64.ActiveCfg = Debug|Win32
		{A2EF585E-82A0-4FB7-BD72-4052A366E166}.Debug|Any CPU.ActiveCfg = Debug|Win32
		{A2EF585E-82A0-4FB7-BD72-4052A366E166}.Debug|Mixed Platforms.ActiveCfg = Debug|Win32
		{A2EF585E-82A0-4FB7-BD72-4052A366E166}.Debug|Mixed Platforms.Build.0 = Debug|Win32
		{A2EF585E-82A0-4FB7-BD72-4052A366E166}.Debug|Win32.ActiveCfg = Debug|Win32
		{A2EF585E-82A0-4FB7-BD72-4052A366E166}.Debug|Win32.Build.0 = Debug|Win32
		{A2EF585E-82A0-4FB7-BD72-4052A366E166}.Debug|x64.ActiveCfg = Debug|Win32
		{A2EF585E-82A0-4FB7-BD72-4052A366E166}.Debug|x64.Build.0 = Debug|Win32
		{A2EF585E-82A0-4FB7-BD72-4052A366E166}.Release_GPU|Any CPU.ActiveCfg = Release|Win32
		{A2EF585E-82A0-4FB7-BD72-4052A366E166}.Release_GPU|Mixed Platforms.ActiveCfg = Release|Win32
		{A2EF585E-82A0-4FB7-BD72-4052A366E166}.Release_GPU|Mixed Platforms.Build.0 = Release|Win32
		{A2EF585E-82A0-4FB7-BD72-4052A366E166}.Release_GPU|Win32.ActiveCfg = Release|Win32
		{A2EF585E-82A0-4FB7-BD72-4052A366E166}.Release_GPU|Win32.Build.0 = Release|Win32
		{A2EF585E-82A0-4FB7-BD72-4052A366E166}.Release_GPU|x64.ActiveCfg = Release|Win32
		{A2EF585E-82A0-4FB7-BD72-4052A366E166}.Release|Any CPU.ActiveCfg = Release|Win32
		{A2EF585E-82A0-4FB7-BD72-4052A366E166}.Release|Mixed Platforms.ActiveCfg = Release|Win32
		{A2EF585E-82A0-4FB7-BD72-4052A366E166}.Release|Mixed Platforms.Build.0 = Release|Win32
		{A2EF585E-82A0-4FB7-BD72-4052A366E166}.Release|Win32.ActiveCfg = Release|Win32
		{A2EF585E-82A0-4FB7-BD72-4052A366E166}.Release|Win32.Build.0 = Release|Win32
		{A2EF585E-82A0-4FB7-BD72-4052A366E166}.Release|x64.ActiveCfg = Release|Win32
		{A2EF585E-82A0-4FB7-BD72-4052A366E166}.Release|x64.Build.0 = Release|Win32
		{62298714-537D-437B-808A-4B8520EC08D1}.Debug_GPU|Any CPU.ActiveCfg = Debug|Win32
		{62298714-537D-437B-808A-4B8520EC08D1}.Debug_GPU|Mixed Platforms.ActiveCfg = Debug|Win32
		{62298714-537D-437B-808A-4B8520EC08D1}.Debug_GPU|Mixed Platforms.Build.0 = Debug|Win32
		{62298714-537D-437B-808A-4B8520EC08D1}.Debug_GPU|Win32.ActiveCfg = Debug|Win32
		{62298714-537D-437B-808A-4B8520EC08D1}.Debug_GPU|Win32.Build.0 = Debug|Win32
		{62298714-537D-437B-808A-4B8520EC08D1}.Debug_GPU|x64.ActiveCfg = Debug|x64
		{62298714-537D-437B-808A-4B8520EC08D1}.Debug_GPU|x64.Build.0 = Debug|x64
		{62298714-537D-437B-808A-4B8520EC08D1}.Debug|Any CPU.ActiveCfg = Debug|Win32
		{62298714-537D-437B-808A-4B8520EC08D1}.Debug|Mixed Platforms.ActiveCfg = Debug|Win32
		{62298714-537D-437B-808A-4B8520EC08D1}.Debug|Mixed Platforms.Build.0 = Debug|Win32
		{62298714-537D-437B-808A-4B8520EC08D1}.Debug|Win32.ActiveCfg = Debug|Win32
		{62298714-537D-437B-808A-4B8520EC08D1}.Debug|Win32.Build.0 = Debug|Win32
		{62298714-537D-437B-808A-4B8520EC08D1}.Debug|x64.ActiveCfg = Debug|x64
		{62298714-537D-437B-808A-4B8520EC08D1}.Debug|x64.Build.0 = Debug|x64
		{62298714-537D-437B-808A-4B8520EC08D1}.Release_GPU|Any CPU.ActiveCfg = Release|Win32
		{62298714-537D-437B-808A-4B8520EC08D1}.Release_GPU|Mixed Platforms.ActiveCfg = Release|Win32
		{62298714-537D-437B-808A-4B8520EC08D1}.Release_GPU|Mixed Platforms.Build.0 = Release|Win32
		{62298714-537D-437B-808A-4B8520EC08D1}.Release_GPU|Win32.ActiveCfg = Release|Win32
		{62298714-537D-437B-808A-4B8520EC08D1}.Release_GPU|Win32.Build.0 = Release|Win32
		{62298714-537D-437B-808A-4B8520EC08D1}.Release_GPU|x64.ActiveCfg = Release|x64
		{62298714-537D-437B-808A-4B8520EC08D1}.Release_GPU|x64.Build.0 = Release|x64
		{62298714-537D-437B-808A-4B8520EC08D1}.Release|Any CPU.ActiveCfg = Release|Win32
		{62298714-537D-437B-808A-4B8520EC08D1}.Release|Mixed Platforms.ActiveCfg = Release|Win32
		{62298714-537D-437B-808A-4B8520EC08D1}.Release|Mixed Platforms.Build.0 = Release|Win32
		{62298714-537D-437B-808A-4B8520EC08D1}.Release|Win32.ActiveCfg = Release|Win32
		{62298714-537D-437B-808A-4B8520EC08D1}.Release|Win32.Build.0 = Release|Win32
		{62298714-537D-437B-808A-4B8520EC08D1}.Release|x64.ActiveCfg = Release|x64
		{62298714-537D-437B-808A-4B8520EC08D1}.Release|x64.Build.0 = Release|x64
		{C2E96A98-5070-4E6C-ADDD-F8D7A1D372ED}.Debug_GPU|Any CPU.ActiveCfg = Debug|Win32
		{C2E96A98-5070-4E6C-ADDD-F8D7A1D372ED}.Debug_GPU|Mixed Platforms.ActiveCfg = Debug|Win32
		{C2E96A98-5070-4E6C-ADDD-F8D7A1D372ED}.Debug_GPU|Mixed Platforms.Build.0 = Debug|Win32
		{C2E96A98-5070-4E6C-ADDD-F8D7A1D372ED}.Debug_GPU|Win32.ActiveCfg = Debug|Win32
		{C2E96A98-5070-4E6C-ADDD-F8D7A1D372ED}.Debug_GPU|Win32.Build.0 = Debug|Win32
		{C2E96A98-5070-4E6C-ADDD-F8D7A1D372ED}.Debug_GPU|x64.ActiveCfg = Debug|Win32
		{C2E96A98-5070-4E6C-ADDD-F8D7A1D372ED}.Debug|Any CPU.ActiveCfg = Debug|Win32
		{C2E96A98-5070-4E6C-ADDD-F8D7A1D372ED}.Debug|Mixed Platforms.ActiveCfg = Debug|Win32
		{C2E96A98-5070-4E6C-ADDD-F8D7A1D372ED}.Debug|Mixed Platforms.Build.0 = Debug|Win32
		{C2E96A98-5070-4E6C-ADDD-F8D7A1D372ED}.Debug|Win32.ActiveCfg = Debug|Win32
		{C2E96A98-5070-4E6C-ADDD-F8D7A1D372ED}.Debug|Win32.Build.0 = Debug|Win32
		{C2E96A98-5070-4E6C-ADDD-F8D7A1D372ED}.Debug|x64.ActiveCfg = Debug|Win32
		{C2E96A98-5070-4E6C-ADDD-F8D7A1D372ED}.Release_GPU|Any CPU.ActiveCfg = Release|Win32
		{C2E96A98-5070-4E6C-ADDD-F8D7A1D372ED}.Release_GPU|Mixed Platforms.ActiveCfg = Release|Win32
		{C2E96A98-5070-4E6C-ADDD-F8D7A1D372ED}.Release_GPU|Mixed Platforms.Build.0 = Release|Win32
		{C2E96A98-5070-4E6C-ADDD-F8D7A1D372ED}.Release_GPU|Win32.ActiveCfg = Release|Win32
		{C2E96A98-5070-4E6C-ADDD-F8D7A1D372ED}.Release_GPU|Win32.Build.0 = Release|Win32
		{C2E96A98-5070-4E6C-ADDD-F8D7A1D372ED}.Release_GPU|x64.ActiveCfg = Release|Win32
		{C2E96A98-5070-4E6C-ADDD-F8D7A1D372ED}.Release|Any CPU.ActiveCfg = Release|Win32
		{C2E96A98-5070-4E6C-ADDD-F8D7A1D372ED}.Release|Mixed Platforms.ActiveCfg = Release|Win32
		{C2E96A98-5070-4E6C-ADDD-F8D7A1D372ED}.Release|Mixed Platforms.Build.0 = Release|Win32
		{C2E96A98-5070-4E6C-ADDD-F8D7A1D372ED}.Release|Win32.ActiveCfg = Release|Win32
		{C2E96A98-5070-4E6C-ADDD-F8D7A1D372ED}.Release|Win32.Build.0 = Release|Win32
		{C2E96A98-5070-4E6C-ADDD-F8D7A1D372ED}.Release|x64.ActiveCfg = Release|Win32
		{7887840C-3808-4307-BC50-D53F6FC8CFC2}.Debug_GPU|Any CPU.ActiveCfg = Debug|Win32
		{7887840C-3808-4307-BC50-D53F6FC8CFC2}.Debug_GPU|Mixed Platforms.ActiveCfg = Debug|Win32
		{7887840C-3808-4307-BC50-D53F6FC8CFC2}.Debug_GPU|Mixed Platforms.Build.0 = Debug|Win32
		{7887840C-3808-4307-BC50-D53F6FC8CFC2}.Debug_GPU|Win32.ActiveCfg = Debug|Win32
		{7887840C-3808-4307-BC50-D53F6FC8CFC2}.Debug_GPU|Win32.Build.0 = Debug|Win32
		{7887840C-3808-4307-BC50-D53F6FC8CFC2}.Debug_GPU|x64.ActiveCfg = Debug|Win32
		{7887840C-3808-4307-BC50-D53F6FC8CFC2}.Debug|Any CPU.ActiveCfg = Debug|Win32
		{7887840C-3808-4307-BC50-D53F6FC8CFC2}.Debug|Mixed Platforms.ActiveCfg = Debug|Win32
		{7887840C-3808-4307-BC50-D53F6FC8CFC2}.Debug|Mixed Platforms.Build.0 = Debug|Win32
		{7887840C-3808-4307-BC50-D53F6FC8CFC2}.Debug|Win32.ActiveCfg = Debug|Win32
		{7887840C-3808-4307-BC50-D53F6FC8CFC2}.Debug|Win32.Build.0 = Debug|Win32
		{7887840C-3808-4307-BC50-D53F6FC8CFC2}.Debug|x64.ActiveCfg = Debug|Win32
		{7887840C-3808-4307-BC50-D53F6FC8CFC2}.Release_GPU|Any CPU.ActiveCfg = Release|Win32
		{7887840C-3808-4307-BC50-D53F6FC8CFC2}.Release_GPU|Mixed Platforms.ActiveCfg = Release|Win32
		{7887840C-3808-4307-BC50-D53F6FC8CFC2}.Release_GPU|Mixed Platforms.Build.0 = Release|Win32
		{7887840C-3808-4307-BC50-D53F6FC8CFC2}.Release_GPU|Win32.ActiveCfg = Release|Win32
		{7887840C-3808-4307-BC50-D53F6FC8CFC2}.Release_GPU|Win32.Build.0 = Release|Win32
		{7887840C-3808-4307-BC50-D53F6FC8CFC2}.Release_GPU|x64.ActiveCfg = Release|Win32
		{7887840C-3808-4307-BC50-D53F6FC8CFC2}.Release|Any CPU.ActiveCfg = Release|Win32
		{7887840C-3808-4307-BC50-D53F6FC8CFC2}.Release|Mixed Platforms.ActiveCfg = Release|Win32
		{7887840C-3808-4307-BC50-D53F6FC8CFC2}.Release|Mixed Platforms.Build.0 = Release|Win32
		{7887840C-3808-4307-BC50-D53F6FC8CFC2}.Release|Win32.ActiveCfg = Release|Win32
		{7887840C-3808-4307-BC50-D53F6FC8CFC2}.Release|Win32.Build.0 = Release|Win32
		{7887840C-3808-4307-BC50-D53F6FC8CFC2}.Release|x64.ActiveCfg = Release|Win32
		{E0ABC4B4-EB55-4567-9553-3DBCA3C49B33}.Debug_GPU|Any CPU.ActiveCfg = Debug|Win32
		{E0ABC4B4-EB55-4567-9553-3DBCA3C49B33}.Debug_GPU|Mixed Platforms.ActiveCfg = Debug|Win32
		{E0ABC4B4-EB55-4567-9553-3DBCA3C49B33}.Debug_GPU|Mixed Platforms.Build.0 = Debug|Win32
		{E0ABC4B4-EB55-4567-9553-3DBCA3C49B33}.Debug_GPU|Win32.ActiveCfg = Debug|Win32
		{E0ABC4B4-EB55-4567-9553-3DBCA3C49B33}.Debug_GPU|Win32.Build.0 = Debug|Win32
		{E0ABC4B4-EB55-4567-9553-3DBCA3C49B33}.Debug_GPU|x64.ActiveCfg = Debug|Win32
		{E0ABC4B4-EB55-4567-9553-3DBCA3C49B33}.Debug|Any CPU.ActiveCfg = Debug|Win32
		{E0ABC4B4-EB55-4567-9553-3DBCA3C49B33}.Debug|Mixed Platforms.ActiveCfg = Debug|Win32
		{E0ABC4B4-EB55-4567-9553-3DBCA3C49B33}.Debug|Mixed Platforms.Build.0 = Debug|Win32
		{E0ABC4B4-EB55-4567-9553-3DBCA3C49B33}.Debug|Win32.ActiveCfg = Debug|Win32
		{E0ABC4B4-EB55-4567-9553-3DBCA3C49B33}.Debug|Win32.Build.0 = Debug|Win32
		{E0ABC4B4-EB55-4567-9553-3DBCA3C49B33}.Debug|x64.ActiveCfg = Debug|Win32
		{E0ABC4B4-EB55-4567-9553-3DBCA3C49B33}.Release_GPU|Any CPU.ActiveCfg = Release|Win32
		{E0ABC4B4-EB55-4567-9553-3DBCA3C49B33}.Release_GPU|Mixed Platforms.ActiveCfg = Release|Win32
		{E0ABC4B4-EB55-4567-9553-3DBCA3C49B33}.Release_GPU|Mixed Platforms.Build.0 = Release|Win32
		{E0ABC4B4-EB55-4567-9553-3DBCA3C49B33}.Release_GPU|Win32.ActiveCfg = Release|Win32
		{E0ABC4B4-EB55-4567-9553-3DBCA3C49B33}.Release_GPU|Win32.Build.0 = Release|Win32
		{E0ABC4B4-EB55-4567-9553-3DBCA3C49B33}.Release_GPU|x64.ActiveCfg = Release|Win32
		{E0ABC4B4-EB55-4567-9553-3DBCA3C49B33}.Release|Any CPU.ActiveCfg = Release|Win32
		{E0ABC4B4-EB55-4567-9553-3DBCA3C49B33}.Release|Mixed Platforms.ActiveCfg = Release|Win32
		{E0ABC4B4-EB55-4567-9553-3DBCA3C49B33}.Release|Mixed Platforms.Build.0 = Release|Win32
		{E0ABC4B4-EB55-4567-9553-3DBCA3C49B33}.Release|Win32.ActiveCfg = Release|Win32
		{E0ABC4B4-EB55-4567-9553-3DBCA3C49B33}.Release|Win32.Build.0 = Release|Win32
		{E0ABC4B4-EB55-4567-9553-3DBCA3C49B33}.Release|x64.ActiveCfg = Release|Win32
		{2070B2FD-4D8E-4D42-823C-8F9B25FED260}.Debug_GPU|Any CPU.ActiveCfg = Debug|Win32
		{2070B2FD-4D8E-4D42-823C-8F9B25FED260}.Debug_GPU|Mixed Platforms.ActiveCfg = Debug|Win32
		{2070B2FD-4D8E-4D42-823C-8F9B25FED260}.Debug_GPU|Mixed Platforms.Build.0 = Debug|Win32
		{2070B2FD-4D8E-4D42-823C-8F9B25FED260}.Debug_GPU|Win32.ActiveCfg = Debug|Win32
		{2070B2FD-4D8E-4D42-823C-8F9B25FED260}.Debug_GPU|Win32.Build.0 = Debug|Win32
		{2070B2FD-4D8E-4D42-823C-8F9B25FED260}.Debug_GPU|x64.ActiveCfg = Debug|Win32
		{2070B2FD-4D8E-4D42-823C-8F9B25FED260}.Debug|Any CPU.ActiveCfg = Debug|Win32
		{2070B2FD-4D8E-4D42-823C-8F9B25FED260}.Debug|Mixed Platforms.ActiveCfg = Debug|Win32
		{2070B2FD-4D8E-4D42-823C-8F9B25FED260}.Debug|Mixed Platforms.Build.0 = Debug|Win32
		{2070B2FD-4D8E-4D42-823C-8F9B25FED260}.Debug|Win32.ActiveCfg = Debug|Win32
		{2070B2FD-4D8E-4D42-823C-8F9B25FED260}.Debug|Win32.Build.0 = Debug|Win32
		{2070B2FD-4D8E-4D42-823C-8F9B25FED260}.Debug|x64.ActiveCfg = Debug|Win32
		{2070B2FD-4D8E-4D42-823C-8F9B25FED260}.Release_GPU|Any CPU.ActiveCfg = Release|Win32
		{2070B2FD-4D8E-4D42-823C-8F9B25FED260}.Release_GPU|Mixed Platforms.ActiveCfg = Release|Win32
		{2070B2FD-4D8E-4D42-823C-8F9B25FED260}.Release_GPU|Mixed Platforms.Build.0 = Release|Win32
		{2070B2FD-4D8E-4D42-823C-8F9B25FED260}.Release_GPU|Win32.ActiveCfg = Release|Win32
		{2070B2FD-4D8E-4D42-823C-8F9B25FED260}.Release_GPU|Win32.Build.0 = Release|Win32
		{2070B2FD-4D8E-4D42-823C-8F9B25FED260}.Release_GPU|x64.ActiveCfg = Release|Win32
		{2070B2FD-4D8E-4D42-823C-8F9B25FED260}.Release|Any CPU.ActiveCfg = Release|Win32
		{2070B2FD-4D8E-4D42-823C-8F9B25FED260}.Release|Mixed Platforms.ActiveCfg = Release|Win32
		{2070B2FD-4D8E-4D42-823C-8F9B25FED260}.Release|Mixed Platforms.Build.0 = Release|Win32
		{2070B2FD-4D8E-4D42-823C-8F9B25FED260}.Release|Win32.ActiveCfg = Release|Win32
		{2070B2FD-4D8E-4D42-823C-8F9B25FED260}.Release|Win32.Build.0 = Release|Win32
		{2070B2FD-4D8E-4D42-823C-8F9B25FED260}.Release|x64.ActiveCfg = Release|Win32
		{46B71BC4-77D7-4C71-BFF7-00FA3864D849}.Debug_GPU|Any CPU.ActiveCfg = Debug|Win32
		{46B71BC4-77D7-4C71-BFF7-00FA3864D849}.Debug_GPU|Mixed Platforms.ActiveCfg = Debug|Win32
		{46B71BC4-77D7-4C71-BFF7-00FA3864D849}.Debug_GPU|Mixed Platforms.Build.0 = Debug|Win32
		{46B71BC4-77D7-4C71-BFF7-00FA3864D849}.Debug_GPU|Win32.ActiveCfg = Debug|Win32
		{46B71BC4-77D7-4C71-BFF7-00FA3864D849}.Debug_GPU|Win32.Build.0 = Debug|Win32
		{46B71BC4-77D7-4C71-BFF7-00FA3864D849}.Debug_GPU|x64.ActiveCfg = Debug|Win32
		{46B71BC4-77D7-4C71-BFF7-00FA3864D849}.Debug|Any CPU.ActiveCfg = Debug|Win32
		{46B71BC4-77D7-4C71-BFF7-00FA3864D849}.Debug|Mixed Platforms.ActiveCfg = Debug|Win32
		{46B71BC4-77D7-4C71-BFF7-00FA3864D849}.Debug|Mixed Platforms.Build.0 = Debug|Win32
		{46B71BC4-77D7-4C71-BFF7-00FA3864D849}.Debug|Win32.ActiveCfg = Debug|Win32
		{46B71BC4-77D7-4C71-BFF7-00FA3864D849}.Debug|Win32.Build.0 = Debug|Win32
		{46B71BC4-77D7-4C71-BFF7-00FA3864D849}.Debug|x64.ActiveCfg = Debug|Win32
		{46B71BC4-77D7-4C71-BFF7-00FA3864D849}.Release_GPU|Any CPU.ActiveCfg = Release|Win32
		{46B71BC4-77D7-4C71-BFF7-00FA3864D849}.Release_GPU|Mixed Platforms.ActiveCfg = Release|Win32
		{46B71BC4-77D7-4C71-BFF7-00FA3864D849}.Release_GPU|Mixed Platforms.Build.0 = Release|Win32
		{46B71BC4-77D7-4C71-BFF7-00FA3864D849}.Release_GPU|Win32.ActiveCfg = Release|Win32
		{46B71BC4-77D7-4C71-BFF7-00FA3864D849}.Release_GPU|Win32.Build.0 = Release|Win32
		{46B71BC4-77D7-4C71-BFF7-00FA3864D849}.Release_GPU|x64.ActiveCfg = Release|Win32
		{46B71BC4-77D7-4C71-BFF7-00FA3864D849}.Release|Any CPU.ActiveCfg = Release|Win32
		{46B71BC4-77D7-4C71-BFF7-00FA3864D849}.Release|Mixed Platforms.ActiveCfg = Release|Win32
		{46B71BC4-77D7-4C71-BFF7-00FA3864D849}.Release|Mixed Platforms.Build.0 = Release|Win32
		{46B71BC4-77D7-4C71-BFF7-00FA3864D849}.Release|Win32.ActiveCfg = Release|Win32
		{46B71BC4-77D7-4C71-BFF7-00FA3864D849}.Release|Win32.Build.0 = Release|Win32
		{46B71BC4-77D7-4C71-BFF7-00FA3864D849}.Release|x64.ActiveCfg = Release|Win32
		{AFF8E664-7899-4A1F-A893-8C7EA2A53BD3}.Debug_GPU|Any CPU.ActiveCfg = Debug|Win32
		{AFF8E664-7899-4A1F-A893-8C7EA2A53BD3}.Debug_GPU|Mixed Platforms.ActiveCfg = Debug|Win32
		{AFF8E664-7899-4A1F-A893-8C7EA2A53BD3}.Debug_GPU|Mixed Platforms.Build.0 = Debug|Win32
		{AFF8E664-7899-4A1F-A893-8C7EA2A53BD3}.Debug_GPU|Win32.ActiveCfg = Debug|Win32
		{AFF8E664-7899-4A1F-A893-8C7EA2A53BD3}.Debug_GPU|Win32.Build.0 = Debug|Win32
		{AFF8E664-7899-4A1F-A893-8C7EA2A53BD3}.Debug_GPU|x64.ActiveCfg = Debug|Win32
		{AFF8E664-7899-4A1F-A893-8C7EA2A53BD3}.Debug|Any CPU.ActiveCfg = Debug|Win32
		{AFF8E664-7899-4A1F-A893-8C7EA2A53BD3}.Debug|Mixed Platforms.ActiveCfg = Debug|Win32
		{AFF8E664-7899-4A1F-A893-8C7EA2A53BD3}.Debug|Mixed Platforms.Build.0 = Debug|Win32
		{AFF8E664-7899-4A1F-A893-8C7EA2A53BD3}.Debug|Win32.ActiveCfg = Debug|Win32
		{AFF8E664-7899-4A1F-A893-8C7EA2A53BD3}.Debug|Win32.Build.0 = Debug|Win32
		{AFF8E664-7899-4A1F-A893-8C7EA2A53BD3}.Debug|x64.ActiveCfg = Debug|Win32
		{AFF8E664-7899-4A1F-A893-8C7EA2A53BD3}.Release_GPU|Any CPU.ActiveCfg = Release|Win32
		{AFF8E664-7899-4A1F-A893-8C7EA2A53BD3}.Release_GPU|Mixed Platforms.ActiveCfg = Release|Win32
		{AFF8E664-7899-4A1F-A893-8C7EA2A53BD3}.Release_GPU|Mixed Platforms.Build.0 = Release|Win32
		{AFF8E664-7899-4A1F-A893-8C7EA2A53BD3}.Release_GPU|Win32.ActiveCfg = Release|Win32
		{AFF8E664-7899-4A1F-A893-8C7EA2A53BD3}.Release_GPU|Win32.Build.0 = Release|Win32
		{AFF8E664-7899-4A1F-A893-8C7EA2A53BD3}.Release_GPU|x64.ActiveCfg = Release|Win32
		{AFF8E664-7899-4A1F-A893-8C7EA2A53BD3}.Release|Any CPU.ActiveCfg = Release|Win32
		{AFF8E664-7899-4A1F-A893-8C7EA2A53BD3}.Release|Mixed Platforms.ActiveCfg = Release|Win32
		{AFF8E664-7899-4A1F-A893-8C7EA2A53BD3}.Release|Mixed Platforms.Build.0 = Release|Win32
		{AFF8E664-7899-4A1F-A893-8C7EA2A53BD3}.Release|Win32.ActiveCfg = Release|Win32
		{AFF8E664-7899-4A1F-A893-8C7EA2A53BD3}.Release|Win32.Build.0 = Release|Win32
		{AFF8E664-7899-4A1F-A893-8C7EA2A53BD3}.Release|x64.ActiveCfg = Release|Win32
		{CDD6C641-8598-40FA-A1E4-12833F381C30}.Debug_GPU|Any CPU.ActiveCfg = Debug|Win32
		{CDD6C641-8598-40FA-A1E4-12833F381C30}.Debug_GPU|Mixed Platforms.ActiveCfg = Debug|Win32
		{CDD6C641-8598-40FA-A1E4-12833F381C30}.Debug_GPU|Mixed Platforms.Build.0 = Debug|Win32
		{CDD6C641-8598-40FA-A1E4-12833F381C30}.Debug_GPU|Win32.ActiveCfg = Debug|Win32
		{CDD6C641-8598-40FA-A1E4-12833F381C30}.Debug_GPU|Win32.Build.0 = Debug|Win32
		{CDD6C641-8598-40FA-A1E4-12833F381C30}.Debug_GPU|x64.ActiveCfg = Debug|Win32
		{CDD6C641-8598-40FA-A1E4-12833F381C30}.Debug|Any CPU.ActiveCfg = Debug|Win32
		{CDD6C641-8598-40FA-A1E4-12833F381C30}.Debug|Mixed Platforms.ActiveCfg = Debug|Win32
		{CDD6C641-8598-40FA-A1E4-12833F381C30}.Debug|Mixed Platforms.Build.0 = Debug|Win32
		{CDD6C641-8598-40FA-A1E4-12833F381C30}.Debug|Win32.ActiveCfg = Debug|Win32
		{CDD6C641-8598-40FA-A1E4-12833F381C30}.Debug|Win32.Build.0 = Debug|Win32
		{CDD6C641-8598-40FA-A1E4-12833F381C30}.Debug|x64.ActiveCfg = Debug|Win32
		{CDD6C641-8598-40FA-A1E4-12833F381C30}.Release_GPU|Any CPU.ActiveCfg = Release|Win32
		{CDD6C641-8598-40FA-A1E4-12833F381C30}.Release_GPU|Mixed Platforms.ActiveCfg = Release|Win32
		{CDD6C641-8598-40FA-A1E4-12833F381C30}.Release_GPU|Mixed Platforms.Build.0 = Release|Win32
		{CDD6C641-8598-40FA-A1E4-12833F381C30}.Release_GPU|Win32.ActiveCfg = Release|Win32
		{CDD6C641-8598-40FA-A1E4-12833F381C30}.Release_GPU|Win32.Build.0 = Release|Win32
		{CDD6C641-8598-40FA-A1E4-12833F381C30}.Release_GPU|x64.ActiveCfg = Release|Win32
		{CDD6C641-8598-40FA-A1E4-12833F381C30}.Release|Any CPU.ActiveCfg = Release|Win32
		{CDD6C641-8598-40FA-A1E4-12833F381C30}.Release|Mixed Platforms.ActiveCfg = Release|Win32
		{CDD6C641-8598-40FA-A1E4-12833F381C30}.Release|Mixed Platforms.Build.0 = Release|Win32
		{CDD6C641-8598-40FA-A1E4-12833F381C30}.Release|Win32.ActiveCfg = Release|Win32
		{CDD6C641-8598-40FA-A1E4-12833F381C30}.Release|Win32.Build.0 = Release|Win32
		{CDD6C641-8598-40FA-A1E4-12833F381C30}.Release|x64.ActiveCfg = Release|Win32
		{BFE9BA14-F2AF-4DE1-BDBF-6E8A9062E08B}.Debug_GPU|Any CPU.ActiveCfg = Debug|Win32
		{BFE9BA14-F2AF-4DE1-BDBF-6E8A9062E08B}.Debug_GPU|Mixed Platforms.ActiveCfg = Debug|Win32
		{BFE9BA14-F2AF-4DE1-BDBF-6E8A9062E08B}.Debug_GPU|Mixed Platforms.Build.0 = Debug|Win32
		{BFE9BA14-F2AF-4DE1-BDBF-6E8A9062E08B}.Debug_GPU|Win32.ActiveCfg = Debug|Win32
		{BFE9BA14-F2AF-4DE1-BDBF-6E8A9062E08B}.Debug_GPU|Win32.Build.0 = Debug|Win32
		{BFE9BA14-F2AF-4DE1-BDBF-6E8A9062E08B}.Debug_GPU|x64.ActiveCfg = Debug|Win32
		{BFE9BA14-F2AF-4DE1-BDBF-6E8A9062E08B}.Debug|Any CPU.ActiveCfg = Debug|Win32
		{BFE9BA14-F2AF-4DE1-BDBF-6E8A9062E08B}.Debug|Mixed Platforms.ActiveCfg = Debug|Win32
		{BFE9BA14-F2AF-4DE1-BDBF-6E8A9062E08B}.Debug|Mixed Platforms.Build.0 = Debug|Win32
		{BFE9BA14-F2AF-4DE1-BDBF-6E8A9062E08B}.Debug|Win32.ActiveCfg = Debug|Win32
		{BFE9BA14-F2AF-4DE1-BDBF-6E8A9062E08B}.Debug|Win32.Build.0 = Debug|Win32
		{BFE9BA14-F2AF-4DE1-BDBF-6E8A9062E08B}.Debug|x64.ActiveCfg = Debug|Win32
		{BFE9BA14-F2AF-4DE1-BDBF-6E8A9062E08B}.Release_GPU|Any CPU.ActiveCfg = Release|Win32
		{BFE9BA14-F2AF-4DE1-BDBF-6E8A9062E08B}.Release_GPU|Mixed Platforms.ActiveCfg = Release|Win32
		{BFE9BA14-F2AF-4DE1-BDBF-6E8A9062E08B}.Release_GPU|Mixed Platforms.Build.0 = Release|Win32
		{BFE9BA14-F2AF-4DE1-BDBF-6E8A9062E08B}.Release_GPU|Win32.ActiveCfg = Release|Win32
		{BFE9BA14-F2AF-4DE1-BDBF-6E8A9062E08B}.Release_GPU|Win32.Build.0 = Release|Win32
		{BFE9BA14-F2AF-4DE1-BDBF-6E8A9062E08B}.Release_GPU|x64.ActiveCfg = Release|Win32
		{BFE9BA14-F2AF-4DE1-BDBF-6E8A9062E08B}.Release|Any CPU.ActiveCfg = Release|Win32
		{BFE9BA14-F2AF-4DE1-BDBF-6E8A9062E08B}.Release|Mixed Platforms.ActiveCfg = Release|Win32
		{BFE9BA14-F2AF-4DE1-BDBF-6E8A9062E08B}.Release|Mixed Platforms.Build.0 = Release|Win32
		{BFE9BA14-F2AF-4DE1-BDBF-6E8A9062E08B}.Release|Win32.ActiveCfg = Release|Win32
		{BFE9BA14-F2AF-4DE1-BDBF-6E8A9062E08B}.Release|Win32.Build.0 = Release|Win32
		{BFE9BA14-F2AF-4DE1-BDBF-6E8A9062E08B}.Release|x64.ActiveCfg = Release|Win32
		{7F6447A8-B1AE-4B96-9FE1-B2BF35A06CE1}.Debug_GPU|Any CPU.ActiveCfg = Debug|Win32
		{7F6447A8-B1AE-4B96-9FE1-B2BF35A06CE1}.Debug_GPU|Mixed Platforms.ActiveCfg = Debug|Win32
		{7F6447A8-B1AE-4B96-9FE1-B2BF35A06CE1}.Debug_GPU|Mixed Platforms.Build.0 = Debug|Win32
		{7F6447A8-B1AE-4B96-9FE1-B2BF35A06CE1}.Debug_GPU|Win32.ActiveCfg = Debug|Win32
		{7F6447A8-B1AE-4B96-9FE1-B2BF35A06CE1}.Debug_GPU|Win32.Build.0 = Debug|Win32
		{7F6447A8-B1AE-4B96-9FE1-B2BF35A06CE1}.Debug_GPU|x64.ActiveCfg = Debug|Win32
		{7F6447A8-B1AE-4B96-9FE1-B2BF35A06CE1}.Debug|Any CPU.ActiveCfg = Debug|Win32
		{7F6447A8-B1AE-4B96-9FE1-B2BF35A06CE1}.Debug|Mixed Platforms.ActiveCfg = Debug|Win32
		{7F6447A8-B1AE-4B96-9FE1-B2BF35A06CE1}.Debug|Mixed Platforms.Build.0 = Debug|Win32
		{7F6447A8-B1AE-4B96-9FE1-B2BF35A06CE1}.Debug|Win32.ActiveCfg = Debug|Win32
		{7F6447A8-B1AE-4B96-9FE1-B2BF35A06CE1}.Debug|Win32.Build.0 = Debug|Win32
		{7F6447A8-B1AE-4B96-9FE1-B2BF35A06CE1}.Debug|x64.ActiveCfg = Debug|Win32
		{7F6447A8-B1AE-4B96-9FE1-B2BF35A06CE1}.Release_GPU|Any CPU.ActiveCfg = Release|Win32
		{7F6447A8-B1AE-4B96-9FE1-B2BF35A06CE1}.Release_GPU|Mixed Platforms.ActiveCfg = Release|Win32
		{7F6447A8-B1AE-4B96-9FE1-B2BF35A06CE1}.Release_GPU|Mixed Platforms.Build.0 = Release|Win32
		{7F6447A8-B1AE-4B96-9FE1-B2BF35A06CE1}.Release_GPU|Win32.ActiveCfg = Release|Win32
		{7F6447A8-B1AE-4B96-9FE1-B2BF35A06CE1}.Release_GPU|Win32.Build.0 = Release|Win32
		{7F6447A8-B1AE-4B96-9FE1-B2BF35A06CE1}.Release_GPU|x64.ActiveCfg = Release|Win32
		{7F6447A8-B1AE-4B96-9FE1-B2BF35A06CE1}.Release|Any CPU.ActiveCfg = Release|Win32
		{7F6447A8-B1AE-4B96-9FE1-B2BF35A06CE1}.Release|Mixed Platforms.ActiveCfg = Release|Win32
		{7F6447A8-B1AE-4B96-9FE1-B2BF35A06CE1}.Release|Mixed Platforms.Build.0 = Release|Win32
		{7F6447A8-B1AE-4B96-9FE1-B2BF35A06CE1}.Release|Win32.ActiveCfg = Release|Win32
		{7F6447A8-B1AE-4B96-9FE1-B2BF35A06CE1}.Release|Win32.Build.0 = Release|Win32
		{7F6447A8-B1AE-4B96-9FE1-B2BF35A06CE1}.Release|x64.ActiveCfg = Release|Win32
		{2AA22453-8274-4FA1-83E3-38FA37CFE1BF}.Debug_GPU|Any CPU.ActiveCfg = Debug|Win32
		{2AA22453-8274-4FA1-83E3-38FA37CFE1BF}.Debug_GPU|Mixed Platforms.ActiveCfg = Debug|Win32
		{2AA22453-8274-4FA1-83E3-38FA37CFE1BF}.Debug_GPU|Mixed Platforms.Build.0 = Debug|Win32
		{2AA22453-8274-4FA1-83E3-38FA37CFE1BF}.Debug_GPU|Win32.ActiveCfg = Debug|Win32
		{2AA22453-8274-4FA1-83E3-38FA37CFE1BF}.Debug_GPU|Win32.Build.0 = Debug|Win32
		{2AA22453-8274-4FA1-83E3-38FA37CFE1BF}.Debug_GPU|x64.ActiveCfg = Debug|Win32
		{2AA22453-8274-4FA1-83E3-38FA37CFE1BF}.Debug|Any CPU.ActiveCfg = Debug|Win32
		{2AA22453-8274-4FA1-83E3-38FA37CFE1BF}.Debug|Mixed Platforms.ActiveCfg = Debug|Win32
		{2AA22453-8274-4FA1-83E3-38FA37CFE1BF}.Debug|Mixed Platforms.Build.0 = Debug|Win32
		{2AA22453-8274-4FA1-83E3-38FA37CFE1BF}.Debug|Win32.ActiveCfg = Debug|Win32
		{2AA22453-8274-4FA1-83E3-38FA37CFE1BF}.Debug|Win32.Build.0 = Debug|Win32
		{2AA22453-8274-4FA1-83E3-38FA37CFE1BF}.Debug|x64.ActiveCfg = Debug|Win32
		{2AA22453-8274-4FA1-83E3-38FA37CFE1BF}.Release_GPU|Any CPU.ActiveCfg = Release|Win32
		{2AA22453-8274-4FA1-83E3-38FA37CFE1BF}.Release_GPU|Mixed Platforms.ActiveCfg = Release|Win32
		{2AA22453-8274-4FA1-83E3-38FA37CFE1BF}.Release_GPU|Mixed Platforms.Build.0 = Release|Win32
		{2AA22453-8274-4FA1-83E3-38FA37CFE1BF}.Release_GPU|Win32.ActiveCfg = Release|Win32
		{2AA22453-8274-4FA1-83E3-38FA37CFE1BF}.Release_GPU|Win32.Build.0 = Release|Win32
		{2AA22453-8274-4FA1-83E3-38FA37CFE1BF}.Release_GPU|x64.ActiveCfg = Release|Win32
		{2AA22453-8274-4FA1-83E3-38FA37CFE1BF}.Release|Any CPU.ActiveCfg = Release|Win32
		{2AA22453-8274-4FA1-83E3-38FA37CFE1BF}.Release|Mixed Platforms.ActiveCfg = Release|Win32
		{2AA22453-8274-4FA1-83E3-38FA37CFE1BF}.Release|Mixed Platforms.Build.0 = Release|Win32
		{2AA22453-8274-4FA1-83E3-38FA37CFE1BF}.Release|Win32.ActiveCfg = Release|Win32
		{2AA22453-8274-4FA1-83E3-38FA37CFE1BF}.Release|Win32.Build.0 = Release|Win32
		{2AA22453-8274-4FA1-83E3-38FA37CFE1BF}.Release|x64.ActiveCfg = Release|Win32
		{CA5372B3-1DC4-4296-B5A5-931A2700AC49}.Debug_GPU|Any CPU.ActiveCfg = Debug|Win32
		{CA5372B3-1DC4-4296-B5A5-931A2700AC49}.Debug_GPU|Mixed Platforms.ActiveCfg = Debug|Win32
		{CA5372B3-1DC4-4296-B5A5-931A2700AC49}.Debug_GPU|Mixed Platforms.Build.0 = Debug|Win32
		{CA5372B3-1DC4-4296-B5A5-931A2700AC49}.Debug_GPU|Win32.ActiveCfg = Debug|Win32
		{CA5372B3-1DC4-4296-B5A5-931A2700AC49}.Debug_GPU|Win32.Build.0 = Debug|Win32
		{CA5372B3-1DC4-4296-B5A5-931A2700AC49}.Debug_GPU|x64.ActiveCfg = Debug|Win32
		{CA5372B3-1DC4-4296-B5A5-931A2700AC49}.Debug|Any CPU.ActiveCfg = Debug|Win32
		{CA5372B3-1DC4-4296-B5A5-931A2700AC49}.Debug|Mixed Platforms.ActiveCfg = Debug|Win32
		{CA5372B3-1DC4-4296-B5A5-931A2700AC49}.Debug|Mixed Platforms.Build.0 = Debug|Win32
		{CA5372B3-1DC4-4296-B5A5-931A2700AC49}.Debug|Win32.ActiveCfg = Debug|Win32
		{CA5372B3-1DC4-4296-B5A5-931A2700AC49}.Debug|Win32.Build.0 = Debug|Win32
		{CA5372B3-1DC4-4296-B5A5-931A2700AC49}.Debug|x64.ActiveCfg = Debug|Win32
		{CA5372B3-1DC4-4296-B5A5-931A2700AC49}.Release_GPU|Any CPU.ActiveCfg = Release|Win32
		{CA5372B3-1DC4-4296-B5A5-931A2700AC49}.Release_GPU|Mixed Platforms.ActiveCfg = Release|Win32
		{CA5372B3-1DC4-4296-B5A5-931A2700AC49}.Release_GPU|Mixed Platforms.Build.0 = Release|Win32
		{CA5372B3-1DC4-4296-B5A5-931A2700AC49}.Release_GPU|Win32.ActiveCfg = Release|Win32
		{CA5372B3-1DC4-4296-B5A5-931A2700AC49}.Release_GPU|Win32.Build.0 = Release|Win32
		{CA5372B3-1DC4-4296-B5A5-931A2700AC49}.Release_GPU|x64.ActiveCfg = Release|Win32
		{CA5372B3-1DC4-4296-B5A5-931A2700AC49}.Release|Any CPU.ActiveCfg = Release|Win32
		{CA5372B3-1DC4-4296-B5A5-931A2700AC49}.Release|Mixed Platforms.ActiveCfg = Release|Win32
		{CA5372B3-1DC4-4296-B5A5-931A2700AC49}.Release|Mixed Platforms.Build.0 = Release|Win32
		{CA5372B3-1DC4-4296-B5A5-931A2700AC49}.Release|Win32.ActiveCfg = Release|Win32
		{CA5372B3-1DC4-4296-B5A5-931A2700AC49}.Release|Win32.Build.0 = Release|Win32
		{CA5372B3-1DC4-4296-B5A5-931A2700AC49}.Release|x64.ActiveCfg = Release|Win32
		{55C5B1CF-B891-4158-B84F-4289A3ADCE0F}.Debug_GPU|Any CPU.ActiveCfg = Debug|Win32
		{55C5B1CF-B891-4158-B84F-4289A3ADCE0F}.Debug_GPU|Mixed Platforms.ActiveCfg = Debug|Win32
		{55C5B1CF-B891-4158-B84F-4289A3ADCE0F}.Debug_GPU|Mixed Platforms.Build.0 = Debug|Win32
		{55C5B1CF-B891-4158-B84F-4289A3ADCE0F}.Debug_GPU|Win32.ActiveCfg = Debug|Win32
		{55C5B1CF-B891-4158-B84F-4289A3ADCE0F}.Debug_GPU|Win32.Build.0 = Debug|Win32
		{55C5B1CF-B891-4158-B84F-4289A3ADCE0F}.Debug_GPU|x64.ActiveCfg = Debug|Win32
		{55C5B1CF-B891-4158-B84F-4289A3ADCE0F}.Debug|Any CPU.ActiveCfg = Debug|Win32
		{55C5B1CF-B891-4158-B84F-4289A3ADCE0F}.Debug|Mixed Platforms.ActiveCfg = Debug|Win32
		{55C5B1CF-B891-4158-B84F-4289A3ADCE0F}.Debug|Mixed Platforms.Build.0 = Debug|Win32
		{55C5B1CF-B891-4158-B84F-4289A3ADCE0F}.Debug|Win32.ActiveCfg = Debug|Win32
		{55C5B1CF-B891-4158-B84F-4289A3ADCE0F}.Debug|Win32.Build.0 = Debug|Win32
		{55C5B1CF-B891-4158-B84F-4289A3ADCE0F}.Debug|x64.ActiveCfg = Debug|Win32
		{55C5B1CF-B891-4158-B84F-4289A3ADCE0F}.Release_GPU|Any CPU.ActiveCfg = Release|Win32
		{55C5B1CF-B891-4158-B84F-4289A3ADCE0F}.Release_GPU|Mixed Platforms.ActiveCfg = Release|Win32
		{55C5B1CF-B891-4158-B84F-4289A3ADCE0F}.Release_GPU|Mixed Platforms.Build.0 = Release|Win32
		{55C5B1CF-B891-4158-B84F-4289A3ADCE0F}.Release_GPU|Win32.ActiveCfg = Release|Win32
		{55C5B1CF-B891-4158-B84F-4289A3ADCE0F}.Release_GPU|Win32.Build.0 = Release|Win32
		{55C5B1CF-B891-4158-B84F-4289A3ADCE0F}.Release_GPU|x64.ActiveCfg = Release|Win32
		{55C5B1CF-B891-4158-B84F-4289A3ADCE0F}.Release|Any CPU.ActiveCfg = Release|Win32
		{55C5B1CF-B891-4158-B84F-4289A3ADCE0F}.Release|Mixed Platforms.ActiveCfg = Release|Win32
		{55C5B1CF-B891-4158-B84F-4289A3ADCE0F}.Release|Mixed Platforms.Build.0 = Release|Win32
		{55C5B1CF-B891-4158-B84F-4289A3ADCE0F}.Release|Win32.ActiveCfg = Release|Win32
		{55C5B1CF-B891-4158-B84F-4289A3ADCE0F}.Release|Win32.Build.0 = Release|Win32
		{55C5B1CF-B891-4158-B84F-4289A3ADCE0F}.Release|x64.ActiveCfg = Release|Win32
		{E8D69D28-0865-4188-8AA1-FCB06BB23BFF}.Debug_GPU|Any CPU.ActiveCfg = Debug|Win32
		{E8D69D28-0865-4188-8AA1-FCB06BB23BFF}.Debug_GPU|Mixed Platforms.ActiveCfg = Debug|Win32
		{E8D69D28-0865-4188-8AA1-FCB06BB23BFF}.Debug_GPU|Mixed Platforms.Build.0 = Debug|Win32
		{E8D69D28-0865-4188-8AA1-FCB06BB23BFF}.Debug_GPU|Win32.ActiveCfg = Debug|Win32
		{E8D69D28-0865-4188-8AA1-FCB06BB23BFF}.Debug_GPU|Win32.Build.0 = Debug|Win32
		{E8D69D28-0865-4188-8AA1-FCB06BB23BFF}.Debug_GPU|x64.ActiveCfg = Debug|Win32
		{E8D69D28-0865-4188-8AA1-FCB06BB23BFF}.Debug|Any CPU.ActiveCfg = Debug|Win32
		{E8D69D28-0865-4188-8AA1-FCB06BB23BFF}.Debug|Mixed Platforms.ActiveCfg = Debug|Win32
		{E8D69D28-0865-4188-8AA1-FCB06BB23BFF}.Debug|Mixed Platforms.Build.0 = Debug|Win32
		{E8D69D28-0865-4188-8AA1-FCB06BB23BFF}.Debug|Win32.ActiveCfg = Debug|Win32
		{E8D69D28-0865-4188-8AA1-FCB06BB23BFF}.Debug|Win32.Build.0 = Debug|Win32
		{E8D69D28-0865-4188-8AA1-FCB06BB23BFF}.Debug|x64.ActiveCfg = Debug|Win32
		{E8D69D28-0865-4188-8AA1-FCB06BB23BFF}.Release_GPU|Any CPU.ActiveCfg = Release|Win32
		{E8D69D28-0865-4188-8AA1-FCB06BB23BFF}.Release_GPU|Mixed Platforms.ActiveCfg = Release|Win32
		{E8D69D28-0865-4188-8AA1-FCB06BB23BFF}.Release_GPU|Mixed Platforms.Build.0 = Release|Win32
		{E8D69D28-0865-4188-8AA1-FCB06BB23BFF}.Release_GPU|Win32.ActiveCfg = Release|Win32
		{E8D69D28-0865-4188-8AA1-FCB06BB23BFF}.Release_GPU|Win32.Build.0 = Release|Win32
		{E8D69D28-0865-4188-8AA1-FCB06BB23BFF}.Release_GPU|x64.ActiveCfg = Release|Win32
		{E8D69D28-0865-4188-8AA1-FCB06BB23BFF}.Release|Any CPU.ActiveCfg = Release|Win32
		{E8D69D28-0865-4188-8AA1-FCB06BB23BFF}.Release|Mixed Platforms.ActiveCfg = Release|Win32
		{E8D69D28-0865-4188-8AA1-FCB06BB23BFF}.Release|Mixed Platforms.Build.0 = Release|Win32
		{E8D69D28-0865-4188-8AA1-FCB06BB23BFF}.Release|Win32.ActiveCfg = Release|Win32
		{E8D69D28-0865-4188-8AA1-FCB06BB23BFF}.Release|Win32.Build.0 = Release|Win32
		{E8D69D28-0865-4188-8AA1-FCB06BB23BFF}.Release|x64.ActiveCfg = Release|Win32
		{6A76F381-0A8F-4DE1-9D0A-E46FC4FA5A00}.Debug_GPU|Any CPU.ActiveCfg = Debug|Win32
		{6A76F381-0A8F-4DE1-9D0A-E46FC4FA5A00}.Debug_GPU|Mixed Platforms.ActiveCfg = Debug|Win32
		{6A76F381-0A8F-4DE1-9D0A-E46FC4FA5A00}.Debug_GPU|Mixed Platforms.Build.0 = Debug|Win32
		{6A76F381-0A8F-4DE1-9D0A-E46FC4FA5A00}.Debug_GPU|Win32.ActiveCfg = Debug|Win32
		{6A76F381-0A8F-4DE1-9D0A-E46FC4FA5A00}.Debug_GPU|Win32.Build.0 = Debug|Win32
		{6A76F381-0A8F-4DE1-9D0A-E46FC4FA5A00}.Debug_GPU|x64.ActiveCfg = Debug|Win32
		{6A76F381-0A8F-4DE1-9D0A-E46FC4FA5A00}.Debug|Any CPU.ActiveCfg = Debug|Win32
		{6A76F381-0A8F-4DE1-9D0A-E46FC4FA5A00}.Debug|Mixed Platforms.ActiveCfg = Debug|Win32
		{6A76F381-0A8F-4DE1-9D0A-E46FC4FA5A00}.Debug|Mixed Platforms.Build.0 = Debug|Win32
		{6A76F381-0A8F-4DE1-9D0A-E46FC4FA5A00}.Debug|Win32.ActiveCfg = Debug|Win32
		{6A76F381-0A8F-4DE1-9D0A-E46FC4FA5A00}.Debug|Win32.Build.0 = Debug|Win32
		{6A76F381-0A8F-4DE1-9D0A-E46FC4FA5A00}.Debug|x64.ActiveCfg = Debug|Win32
		{6A76F381-0A8F-4DE1-9D0A-E46FC4FA5A00}.Release_GPU|Any CPU.ActiveCfg = Release|Win32
		{6A76F381-0A8F-4DE1-9D0A-E46FC4FA5A00}.Release_GPU|Mixed Platforms.ActiveCfg = Release|Win32
		{6A76F381-0A8F-4DE1-9D0A-E46FC4FA5A00}.Release_GPU|Mixed Platforms.Build.0 = Release|Win32
		{6A76F381-0A8F-4DE1-9D0A-E46FC4FA5A00}.Release_GPU|Win32.ActiveCfg = Release|Win32
		{6A76F381-0A8F-4DE1-9D0A-E46FC4FA5A00}.Release_GPU|Win32.Build.0 = Release|Win32
		{6A76F381-0A8F-4DE1-9D0A-E46FC4FA5A00}.Release_GPU|x64.ActiveCfg = Release|Win32
		{6A76F381-0A8F-4DE1-9D0A-E46FC4FA5A00}.Release|Any CPU.ActiveCfg = Release|Win32
		{6A76F381-0A8F-4DE1-9D0A-E46FC4FA5A00}.Release|Mixed Platforms.ActiveCfg = Release|Win32
		{6A76F381-0A8F-4DE1-9D0A-E46FC4FA5A00}.Release|Mixed Platforms.Build.0 = Release|Win32
		{6A76F381-0A8F-4DE1-9D0A-E46FC4FA5A00}.Release|Win32.ActiveCfg = Release|Win32
		{6A76F381-0A8F-4DE1-9D0A-E46FC4FA5A00}.Release|Win32.Build.0 = Release|Win32
		{6A76F381-0A8F-4DE1-9D0A-E46FC4FA5A00}.Release|x64.ActiveCfg = Release|Win32
		{BAE08D64-51DD-4779-B902-C1466404C8EC}.Debug_GPU|Any CPU.ActiveCfg = Debug|Win32
		{BAE08D64-51DD-4779-B902-C1466404C8EC}.Debug_GPU|Mixed Platforms.ActiveCfg = Debug|Win32
		{BAE08D64-51DD-4779-B902-C1466404C8EC}.Debug_GPU|Mixed Platforms.Build.0 = Debug|Win32
		{BAE08D64-51DD-4779-B902-C1466404C8EC}.Debug_GPU|Win32.ActiveCfg = Debug|Win32
		{BAE08D64-51DD-4779-B902-C1466404C8EC}.Debug_GPU|Win32.Build.0 = Debug|Win32
		{BAE08D64-51DD-4779-B902-C1466404C8EC}.Debug_GPU|x64.ActiveCfg = Debug|Win32
		{BAE08D64-51DD-4779-B902-C1466404C8EC}.Debug|Any CPU.ActiveCfg = Debug|Win32
		{BAE08D64-51DD-4779-B902-C1466404C8EC}.Debug|Mixed Platforms.ActiveCfg = Debug|Win32
		{BAE08D64-51DD-4779-B902-C1466404C8EC}.Debug|Mixed Platforms.Build.0 = Debug|Win32
		{BAE08D64-51DD-4779-B902-C1466404C8EC}.Debug|Win32.ActiveCfg = Debug|Win32
		{BAE08D64-51DD-4779-B902-C1466404C8EC}.Debug|Win32.Build.0 = Debug|Win32
		{BAE08D64-51DD-4779-B902-C1466404C8EC}.Debug|x64.ActiveCfg = Debug|Win32
		{BAE08D64-51DD-4779-B902-C1466404C8EC}.Release_GPU|Any CPU.ActiveCfg = Release|Win32
		{BAE08D64-51DD-4779-B902-C1466404C8EC}.Release_GPU|Mixed Platforms.ActiveCfg = Release|Win32
		{BAE08D64-51DD-4779-B902-C1466404C8EC}.Release_GPU|Mixed Platforms.Build.0 = Release|Win32
		{BAE08D64-51DD-4779-B902-C1466404C8EC}.Release_GPU|Win32.ActiveCfg = Release|Win32
		{BAE08D64-51DD-4779-B902-C1466404C8EC}.Release_GPU|Win32.Build.0 = Release|Win32
		{BAE08D64-51DD-4779-B902-C1466404C8EC}.Release_GPU|x64.ActiveCfg = Release|Win32
		{BAE08D64-51DD-4779-B902-C1466404C8EC}.Release|Any CPU.ActiveCfg = Release|Win32
		{BAE08D64-51DD-4779-B902-C1466404C8EC}.Release|Mixed Platforms.ActiveCfg = Release|Win32
		{BAE08D64-51DD-4779-B902-C1466404C8EC}.Release|Mixed Platforms.Build.0 = Release|Win32
		{BAE08D64-51DD-4779-B902-C1466404C8EC}.Release|Win32.ActiveCfg = Release|Win32
		{BAE08D64-51DD-4779-B902-C1466404C8EC}.Release|Win32.Build.0 = Release|Win32
		{BAE08D64-51DD-4779-B902-C1466404C8EC}.Release|x64.ActiveCfg = Release|Win32
		{264A935E-A76E-4919-801E-C8E49293207A}.Debug_GPU|Any CPU.ActiveCfg = Debug|Win32
		{264A935E-A76E-4919-801E-C8E49293207A}.Debug_GPU|Mixed Platforms.ActiveCfg = Debug|Win32
		{264A935E-A76E-4919-801E-C8E49293207A}.Debug_GPU|Mixed Platforms.Build.0 = Debug|Win32
		{264A935E-A76E-4919-801E-C8E49293207A}.Debug_GPU|Win32.ActiveCfg = Debug|Win32
		{264A935E-A76E-4919-801E-C8E49293207A}.Debug_GPU|Win32.Build.0 = Debug|Win32
		{264A935E-A76E-4919-801E-C8E49293207A}.Debug_GPU|x64.ActiveCfg = Debug|Win32
		{264A935E-A76E-4919-801E-C8E49293207A}.Debug|Any CPU.ActiveCfg = Debug|Win32
		{264A935E-A76E-4919-801E-C8E49293207A}.Debug|Mixed Platforms.ActiveCfg = Debug|Win32
		{264A935E-A76E-4919-801E-C8E49293207A}.Debug|Mixed Platforms.Build.0 = Debug|Win32
		{264A935E-A76E-4919-801E-C8E49293207A}.Debug|Win32.ActiveCfg = Debug|Win32
		{264A935E-A76E-4919-801E-C8E49293207A}.Debug|Win32.Build.0 = Debug|Win32
		{264A935E-A76E-4919-801E-C8E49293207A}.Debug|x64.ActiveCfg = Debug|Win32
		{264A935E-A76E-4919-801E-C8E49293207A}.Release_GPU|Any CPU.ActiveCfg = Release|Win32
		{264A935E-A76E-4919-801E-C8E49293207A}.Release_GPU|Mixed Platforms.ActiveCfg = Release|Win32
		{264A935E-A76E-4919-801E-C8E49293207A}.Release_GPU|Mixed Platforms.Build.0 = Release|Win32
		{264A935E-A76E-4919-801E-C8E49293207A}.Release_GPU|Win32.ActiveCfg = Release|Win32
		{264A935E-A76E-4919-801E-C8E49293207A}.Release_GPU|Win32.Build.0 = Release|Win32
		{264A935E-A76E-4919-801E-C8E49293207A}.Release_GPU|x64.ActiveCfg = Release|Win32
		{264A935E-A76E-4919-801E-C8E49293207A}.Release|Any CPU.ActiveCfg = Release|Win32
		{264A935E-A76E-4919-801E-C8E49293207A}.Release|Mixed Platforms.ActiveCfg = Release|Win32
		{264A935E-A76E-4919-801E-C8E49293207A}.Release|Mixed Platforms.Build.0 = Release|Win32
		{264A935E-A76E-4919-801E-C8E49293207A}.Release|Win32.ActiveCfg = Release|Win32
		{264A935E-A76E-4919-801E-C8E49293207A}.Release|Win32.Build.0 = Release|Win32
		{264A935E-A76E-4919-801E-C8E49293207A}.Release|x64.ActiveCfg = Release|Win32
		{FC706816-4011-4C6F-B804-5D63B7107B79}.Debug_GPU|Any CPU.ActiveCfg = Debug|Win32
		{FC706816-4011-4C6F-B804-5D63B7107B79}.Debug_GPU|Mixed Platforms.ActiveCfg = Debug|Win32
		{FC706816-4011-4C6F-B804-5D63B7107B79}.Debug_GPU|Mixed Platforms.Build.0 = Debug|Win32
		{FC706816-4011-4C6F-B804-5D63B7107B79}.Debug_GPU|Win32.ActiveCfg = Debug|Win32
		{FC706816-4011-4C6F-B804-5D63B7107B79}.Debug_GPU|Win32.Build.0 = Debug|Win32
		{FC706816-4011-4C6F-B804-5D63B7107B79}.Debug_GPU|x64.ActiveCfg = Debug|Win32
		{FC706816-4011-4C6F-B804-5D63B7107B79}.Debug|Any CPU.ActiveCfg = Debug|Win32
		{FC706816-4011-4C6F-B804-5D63B7107B79}.Debug|Mixed Platforms.ActiveCfg = Debug|Win32
		{FC706816-4011-4C6F-B804-5D63B7107B79}.Debug|Mixed Platforms.Build.0 = Debug|Win32
		{FC706816-4011-4C6F-B804-5D63B7107B79}.Debug|Win32.ActiveCfg = Debug|Win32
		{FC706816-4011-4C6F-B804-5D63B7107B79}.Debug|Win32.Build.0 = Debug|Win32
		{FC706816-4011-4C6F-B804-5D63B7107B79}.Debug|x64.ActiveCfg = Debug|Win32
		{FC706816-4011-4C6F-B804-5D63B7107B79}.Release_GPU|Any CPU.ActiveCfg = Release|Win32
		{FC706816-4011-4C6F-B804-5D63B7107B79}.Release_GPU|Mixed Platforms.ActiveCfg = Release|Win32
		{FC706816-4011-4C6F-B804-5D63B7107B79}.Release_GPU|Mixed Platforms.Build.0 = Release|Win32
		{FC706816-4011-4C6F-B804-5D63B7107B79}.Release_GPU|Win32.ActiveCfg = Release|Win32
		{FC706816-4011-4C6F-B804-5D63B7107B79}.Release_GPU|Win32.Build.0 = Release|Win32
		{FC706816-4011-4C6F-B804-5D63B7107B79}.Release_GPU|x64.ActiveCfg = Release|Win32
		{FC706816-4011-4C6F-B804-5D63B7107B79}.Release|Any CPU.ActiveCfg = Release|Win32
		{FC706816-4011-4C6F-B804-5D63B7107B79}.Release|Mixed Platforms.ActiveCfg = Release|Win32
		{FC706816-4011-4C6F-B804-5D63B7107B79}.Release|Mixed Platforms.Build.0 = Release|Win32
		{FC706816-4011-4C6F-B804-5D63B7107B79}.Release|Win32.ActiveCfg = Release|Win32
		{FC706816-4011-4C6F-B804-5D63B7107B79}.Release|Win32.Build.0 = Release|Win32
		{FC706816-4011-4C6F-B804-5D63B7107B79}.Release|x64.ActiveCfg = Release|Win32
		{C94874CE-8C51-4606-8328-02F00A29A828}.Debug_GPU|Any CPU.ActiveCfg = Debug|Win32
		{C94874CE-8C51-4606-8328-02F00A29A828}.Debug_GPU|Mixed Platforms.ActiveCfg = Debug|Win32
		{C94874CE-8C51-4606-8328-02F00A29A828}.Debug_GPU|Mixed Platforms.Build.0 = Debug|Win32
		{C94874CE-8C51-4606-8328-02F00A29A828}.Debug_GPU|Win32.ActiveCfg = Debug|Win32
		{C94874CE-8C51-4606-8328-02F00A29A828}.Debug_GPU|Win32.Build.0 = Debug|Win32
		{C94874CE-8C51-4606-8328-02F00A29A828}.Debug_GPU|x64.ActiveCfg = Debug|Win32
		{C94874CE-8C51-4606-8328-02F00A29A828}.Debug|Any CPU.ActiveCfg = Debug|Win32
		{C94874CE-8C51-4606-8328-02F00A29A828}.Debug|Mixed Platforms.ActiveCfg = Debug|Win32
		{C94874CE-8C51-4606-8328-02F00A29A828}.Debug|Mixed Platforms.Build.0 = Debug|Win32
		{C94874CE-8C51-4606-8328-02F00A29A828}.Debug|Win32.ActiveCfg = Debug|Win32
		{C94874CE-8C51-4606-8328-02F00A29A828}.Debug|Win32.Build.0 = Debug|Win32
		{C94874CE-8C51-4606-8328-02F00A29A828}.Debug|x64.ActiveCfg = Debug|Win32
		{C94874CE-8C51-4606-8328-02F00A29A828}.Release_GPU|Any CPU.ActiveCfg = Release|Win32
		{C94874CE-8C51-4606-8328-02F00A29A828}.Release_GPU|Mixed Platforms.ActiveCfg = Release|Win32
		{C94874CE-8C51-4606-8328-02F00A29A828}.Release_GPU|Mixed Platforms.Build.0 = Release|Win32
		{C94874CE-8C51-4606-8328-02F00A29A828}.Release_GPU|Win32.ActiveCfg = Release|Win32
		{C94874CE-8C51-4606-8328-02F00A29A828}.Release_GPU|Win32.Build.0 = Release|Win32
		{C94874CE-8C51-4606-8328-02F00A29A828}.Release_GPU|x64.ActiveCfg = Release|Win32
		{C94874CE-8C51-4606-8328-02F00A29A828}.Release|Any CPU.ActiveCfg = Release|Win32
		{C94874CE-8C51-4606-8328-02F00A29A828}.Release|Mixed Platforms.ActiveCfg = Release|Win32
		{C94874CE-8C51-4606-8328-02F00A29A828}.Release|Mixed Platforms.Build.0 = Release|Win32
		{C94874CE-8C51-4606-8328-02F00A29A828}.Release|Win32.ActiveCfg = Release|Win32
		{C94874CE-8C51-4606-8328-02F00A29A828}.Release|Win32.Build.0 = Release|Win32
		{C94874CE-8C51-4606-8328-02F00A29A828}.Release|x64.ActiveCfg = Release|Win32
		{4B8390CD-ED15-4D32-B165-C5AAF11FC18A}.Debug_GPU|Any CPU.ActiveCfg = Debug|Win32
		{4B8390CD-ED15-4D32-B165-C5AAF11FC18A}.Debug_GPU|Mixed Platforms.ActiveCfg = Debug|Win32
		{4B8390CD-ED15-4D32-B165-C5AAF11FC18A}.Debug_GPU|Mixed Platforms.Build.0 = Debug|Win32
		{4B8390CD-ED15-4D32-B165-C5AAF11FC18A}.Debug_GPU|Win32.ActiveCfg = Debug|Win32
		{4B8390CD-ED15-4D32-B165-C5AAF11FC18A}.Debug_GPU|Win32.Build.0 = Debug|Win32
		{4B8390CD-ED15-4D32-B165-C5AAF11FC18A}.Debug_GPU|x64.ActiveCfg = Debug|Win32
		{4B8390CD-ED15-4D32-B165-C5AAF11FC18A}.Debug|Any CPU.ActiveCfg = Debug|Win32
		{4B8390CD-ED15-4D32-B165-C5AAF11FC18A}.Debug|Mixed Platforms.ActiveCfg = Debug|Win32
		{4B8390CD-ED15-4D32-B165-C5AAF11FC18A}.Debug|Mixed Platforms.Build.0 = Debug|Win32
		{4B8390CD-ED15-4D32-B165-C5AAF11FC18A}.Debug|Win32.ActiveCfg = Debug|Win32
		{4B8390CD-ED15-4D32-B165-C5AAF11FC18A}.Debug|Win32.Build.0 = Debug|Win32
		{4B8390CD-ED15-4D32-B165-C5AAF11FC18A}.Debug|x64.ActiveCfg = Debug|Win32
		{4B8390CD-ED15-4D32-B165-C5AAF11FC18A}.Release_GPU|Any CPU.ActiveCfg = Release|Win32
		{4B8390CD-ED15-4D32-B165-C5AAF11FC18A}.Release_GPU|Mixed Platforms.ActiveCfg = Release|Win32
		{4B8390CD-ED15-4D32-B165-C5AAF11FC18A}.Release_GPU|Mixed Platforms.Build.0 = Release|Win32
		{4B8390CD-ED15-4D32-B165-C5AAF11FC18A}.Release_GPU|Win32.ActiveCfg = Release|Win32
		{4B8390CD-ED15-4D32-B165-C5AAF11FC18A}.Release_GPU|Win32.Build.0 = Release|Win32
		{4B8390CD-ED15-4D32-B165-C5AAF11FC18A}.Release_GPU|x64.ActiveCfg = Release|Win32
		{4B8390CD-ED15-4D32-B165-C5AAF11FC18A}.Release|Any CPU.ActiveCfg = Release|Win32
		{4B8390CD-ED15-4D32-B165-C5AAF11FC18A}.Release|Mixed Platforms.ActiveCfg = Release|Win32
		{4B8390CD-ED15-4D32-B165-C5AAF11FC18A}.Release|Mixed Platforms.Build.0 = Release|Win32
		{4B8390CD-ED15-4D32-B165-C5AAF11FC18A}.Release|Win32.ActiveCfg = Release|Win32
		{4B8390CD-ED15-4D32-B165-C5AAF11FC18A}.Release|Win32.Build.0 = Release|Win32
		{4B8390CD-ED15-4D32-B165-C5AAF11FC18A}.Release|x64.ActiveCfg = Release|Win32
		{1CC39881-B8C9-425D-B19D-F8B7D26E54AE}.Debug_GPU|Any CPU.ActiveCfg = Debug|Win32
		{1CC39881-B8C9-425D-B19D-F8B7D26E54AE}.Debug_GPU|Mixed Platforms.ActiveCfg = Debug|Win32
		{1CC39881-B8C9-425D-B19D-F8B7D26E54AE}.Debug_GPU|Mixed Platforms.Build.0 = Debug|Win32
		{1CC39881-B8C9-425D-B19D-F8B7D26E54AE}.Debug_GPU|Win32.ActiveCfg = Debug|Win32
		{1CC39881-B8C9-425D-B19D-F8B7D26E54AE}.Debug_GPU|Win32.Build.0 = Debug|Win32
		{1CC39881-B8C9-425D-B19D-F8B7D26E54AE}.Debug_GPU|x64.ActiveCfg = Debug|Win32
		{1CC39881-B8C9-425D-B19D-F8B7D26E54AE}.Debug|Any CPU.ActiveCfg = Debug|Win32
		{1CC39881-B8C9-425D-B19D-F8B7D26E54AE}.Debug|Mixed Platforms.ActiveCfg = Debug|Win32
		{1CC39881-B8C9-425D-B19D-F8B7D26E54AE}.Debug|Mixed Platforms.Build.0 = Debug|Win32
		{1CC39881-B8C9-425D-B19D-F8B7D26E54AE}.Debug|Win32.ActiveCfg = Debug|Win32
		{1CC39881-B8C9-425D-B19D-F8B7D26E54AE}.Debug|Win32.Build.0 = Debug|Win32
		{1CC39881-B8C9-425D-B19D-F8B7D26E54AE}.Debug|x64.ActiveCfg = Debug|Win32
		{1CC39881-B8C9-425D-B19D-F8B7D26E54AE}.Release_GPU|Any CPU.ActiveCfg = Release|Win32
		{1CC39881-B8C9-425D-B19D-F8B7D26E54AE}.Release_GPU|Mixed Platforms.ActiveCfg = Release|Win32
		{1CC39881-B8C9-425D-B19D-F8B7D26E54AE}.Release_GPU|Mixed Platforms.Build.0 = Release|Win32
		{1CC39881-B8C9-425D-B19D-F8B7D26E54AE}.Release_GPU|Win32.ActiveCfg = Release|Win32
		{1CC39881-B8C9-425D-B19D-F8B7D26E54AE}.Release_GPU|Win32.Build.0 = Release|Win32
		{1CC39881-B8C9-425D-B19D-F8B7D26E54AE}.Release_GPU|x64.ActiveCfg = Release|Win32
		{1CC39881-B8C9-425D-B19D-F8B7D26E54AE}.Release|Any CPU.ActiveCfg = Release|Win32
		{1CC39881-B8C9-425D-B19D-F8B7D26E54AE}.Release|Mixed Platforms.ActiveCfg = Release|Win32
		{1CC39881-B8C9-425D-B19D-F8B7D26E54AE}.Release|Mixed Platforms.Build.0 = Release|Win32
		{1CC39881-B8C9-425D-B19D-F8B7D26E54AE}.Release|Win32.ActiveCfg = Release|Win32
		{1CC39881-B8C9-425D-B19D-F8B7D26E54AE}.Release|Win32.Build.0 = Release|Win32
		{1CC39881-B8C9-425D-B19D-F8B7D26E54AE}.Release|x64.ActiveCfg = Release|Win32
		{A805D341-2D59-4DAC-800C-815D977E2964}.Debug_GPU|Any CPU.ActiveCfg = Debug|Win32
		{A805D341-2D59-4DAC-800C-815D977E2964}.Debug_GPU|Mixed Platforms.ActiveCfg = Debug|Win32
		{A805D341-2D59-4DAC-800C-815D977E2964}.Debug_GPU|Mixed Platforms.Build.0 = Debug|Win32
		{A805D341-2D59-4DAC-800C-815D977E2964}.Debug_GPU|Win32.ActiveCfg = Debug|Win32
		{A805D341-2D59-4DAC-800C-815D977E2964}.Debug_GPU|Win32.Build.0 = Debug|Win32
		{A805D341-2D59-4DAC-800C-815D977E2964}.Debug_GPU|x64.ActiveCfg = Debug|Win32
		{A805D341-2D59-4DAC-800C-815D977E2964}.Debug|Any CPU.ActiveCfg = Debug|Win32
		{A805D341-2D59-4DAC-800C-815D977E2964}.Debug|Mixed Platforms.ActiveCfg = Debug|Win32
		{A805D341-2D59-4DAC-800C-815D977E2964}.Debug|Mixed Platforms.Build.0 = Debug|Win32
		{A805D341-2D59-4DAC-800C-815D977E2964}.Debug|Win32.ActiveCfg = Debug|Win32
		{A805D341-2D59-4DAC-800C-815D977E2964}.Debug|Win32.Build.0 = Debug|Win32
		{A805D341-2D59-4DAC-800C-815D977E2964}.Debug|x64.ActiveCfg = Debug|Win32
		{A805D341-2D59-4DAC-800C-815D977E2964}.Release_GPU|Any CPU.ActiveCfg = Release|Win32
		{A805D341-2D59-4DAC-800C-815D977E2964}.Release_GPU|Mixed Platforms.ActiveCfg = Release|Win32
		{A805D341-2D59-4DAC-800C-815D977E2964}.Release_GPU|Mixed Platforms.Build.0 = Release|Win32
		{A805D341-2D59-4DAC-800C-815D977E2964}.Release_GPU|Win32.ActiveCfg = Release|Win32
		{A805D341-2D59-4DAC-800C-815D977E2964}.Release_GPU|Win32.Build.0 = Release|Win32
		{A805D341-2D59-4DAC-800C-815D977E2964}.Release_GPU|x64.ActiveCfg = Release|Win32
		{A805D341-2D59-4DAC-800C-815D977E2964}.Release|Any CPU.ActiveCfg = Release|Win32
		{A805D341-2D59-4DAC-800C-815D977E2964}.Release|Mixed Platforms.ActiveCfg = Release|Win32
		{A805D341-2D59-4DAC-800C-815D977E2964}.Release|Mixed Platforms.Build.0 = Release|Win32
		{A805D341-2D59-4DAC-800C-815D977E2964}.Release|Win32.ActiveCfg = Release|Win32
		{A805D341-2D59-4DAC-800C-815D977E2964}.Release|Win32.Build.0 = Release|Win32
		{A805D341-2D59-4DAC-800C-815D977E2964}.Release|x64.ActiveCfg = Release|Win32
		{F0AF1C74-5127-405F-B273-DC5489D7500A}.Debug_GPU|Any CPU.ActiveCfg = Debug|Win32
		{F0AF1C74-5127-405F-B273-DC5489D7500A}.Debug_GPU|Mixed Platforms.ActiveCfg = Debug|Win32
		{F0AF1C74-5127-405F-B273-DC5489D7500A}.Debug_GPU|Mixed Platforms.Build.0 = Debug|Win32
		{F0AF1C74-5127-405F-B273-DC5489D7500A}.Debug_GPU|Win32.ActiveCfg = Debug|Win32
		{F0AF1C74-5127-405F-B273-DC5489D7500A}.Debug_GPU|Win32.Build.0 = Debug|Win32
		{F0AF1C74-5127-405F-B273-DC5489D7500A}.Debug_GPU|x64.ActiveCfg = Debug|Win32
		{F0AF1C74-5127-405F-B273-DC5489D7500A}.Debug|Any CPU.ActiveCfg = Debug|Win32
		{F0AF1C74-5127-405F-B273-DC5489D7500A}.Debug|Mixed Platforms.ActiveCfg = Debug|Win32
		{F0AF1C74-5127-405F-B273-DC5489D7500A}.Debug|Mixed Platforms.Build.0 = Debug|Win32
		{F0AF1C74-5127-405F-B273-DC5489D7500A}.Debug|Win32.ActiveCfg = Debug|Win32
		{F0AF1C74-5127-405F-B273-DC5489D7500A}.Debug|Win32.Build.0 = Debug|Win32
		{F0AF1C74-5127-405F-B273-DC5489D7500A}.Debug|x64.ActiveCfg = Debug|Win32
		{F0AF1C74-5127-405F-B273-DC5489D7500A}.Release_GPU|Any CPU.ActiveCfg = Release|Win32
		{F0AF1C74-5127-405F-B273-DC5489D7500A}.Release_GPU|Mixed Platforms.ActiveCfg = Release|Win32
		{F0AF1C74-5127-405F-B273-DC5489D7500A}.Release_GPU|Mixed Platforms.Build.0 = Release|Win32
		{F0AF1C74-5127-405F-B273-DC5489D7500A}.Release_GPU|Win32.ActiveCfg = Release|Win32
		{F0AF1C74-5127-405F-B273-DC5489D7500A}.Release_GPU|Win32.Build.0 = Release|Win32
		{F0AF1C74-5127-405F-B273-DC5489D7500A}.Release_GPU|x64.ActiveCfg = Release|Win32
		{F0AF1C74-5127-405F-B273-DC5489D7500A}.Release|Any CPU.ActiveCfg = Release|Win32
		{F0AF1C74-5127-405F-B273-DC5489D7500A}.Release|Mixed Platforms.ActiveCfg = Release|Win32
		{F0AF1C74-5127-405F-B273-DC5489D7500A}.Release|Mixed Platforms.Build.0 = Release|Win32
		{F0AF1C74-5127-405F-B273-DC5489D7500A}.Release|Win32.ActiveCfg = Release|Win32
		{F0AF1C74-5127-405F-B273-DC5489D7500A}.Release|Win32.Build.0 = Release|Win32
		{F0AF1C74-5127-405F-B273-DC5489D7500A}.Release|x64.ActiveCfg = Release|Win32
		{12DAD65A-B6AD-4DF6-BEB5-235DCBC5B5E3}.Debug_GPU|Any CPU.ActiveCfg = Debug|Win32
		{12DAD65A-B6AD-4DF6-BEB5-235DCBC5B5E3}.Debug_GPU|Mixed Platforms.ActiveCfg = Debug|Win32
		{12DAD65A-B6AD-4DF6-BEB5-235DCBC5B5E3}.Debug_GPU|Mixed Platforms.Build.0 = Debug|Win32
		{12DAD65A-B6AD-4DF6-BEB5-235DCBC5B5E3}.Debug_GPU|Win32.ActiveCfg = Debug|Win32
		{12DAD65A-B6AD-4DF6-BEB5-235DCBC5B5E3}.Debug_GPU|Win32.Build.0 = Debug|Win32
		{12DAD65A-B6AD-4DF6-BEB5-235DCBC5B5E3}.Debug_GPU|x64.ActiveCfg = Debug|Win32
		{12DAD65A-B6AD-4DF6-BEB5-235DCBC5B5E3}.Debug|Any CPU.ActiveCfg = Debug|Win32
		{12DAD65A-B6AD-4DF6-BEB5-235DCBC5B5E3}.Debug|Mixed Platforms.ActiveCfg = Debug|Win32
		{12DAD65A-B6AD-4DF6-BEB5-235DCBC5B5E3}.Debug|Mixed Platforms.Build.0 = Debug|Win32
		{12DAD65A-B6AD-4DF6-BEB5-235DCBC5B5E3}.Debug|Win32.ActiveCfg = Debug|Win32
		{12DAD65A-B6AD-4DF6-BEB5-235DCBC5B5E3}.Debug|Win32.Build.0 = Debug|Win32
		{12DAD65A-B6AD-4DF6-BEB5-235DCBC5B5E3}.Debug|x64.ActiveCfg = Debug|Win32
		{12DAD65A-B6AD-4DF6-BEB5-235DCBC5B5E3}.Release_GPU|Any CPU.ActiveCfg = Release|Win32
		{12DAD65A-B6AD-4DF6-BEB5-235DCBC5B5E3}.Release_GPU|Mixed Platforms.ActiveCfg = Release|Win32
		{12DAD65A-B6AD-4DF6-BEB5-235DCBC5B5E3}.Release_GPU|Mixed Platforms.Build.0 = Release|Win32
		{12DAD65A-B6AD-4DF6-BEB5-235DCBC5B5E3}.Release_GPU|Win32.ActiveCfg = Release|Win32
		{12DAD65A-B6AD-4DF6-BEB5-235DCBC5B5E3}.Release_GPU|Win32.Build.0 = Release|Win32
		{12DAD65A-B6AD-4DF6-BEB5-235DCBC5B5E3}.Release_GPU|x64.ActiveCfg = Release|Win32
		{12DAD65A-B6AD-4DF6-BEB5-235DCBC5B5E3}.Release|Any CPU.ActiveCfg = Release|Win32
		{12DAD65A-B6AD-4DF6-BEB5-235DCBC5B5E3}.Release|Mixed Platforms.ActiveCfg = Release|Win32
		{12DAD65A-B6AD-4DF6-BEB5-235DCBC5B5E3}.Release|Mixed Platforms.Build.0 = Release|Win32
		{12DAD65A-B6AD-4DF6-BEB5-235DCBC5B5E3}.Release|Win32.ActiveCfg = Release|Win32
		{12DAD65A-B6AD-4DF6-BEB5-235DCBC5B5E3}.Release|Win32.Build.0 = Release|Win32
		{12DAD65A-B6AD-4DF6-BEB5-235DCBC5B5E3}.Release|x64.ActiveCfg = Release|Win32
		{1D305438-CB27-42A7-B46D-266D26E5D0D4}.Debug_GPU|Any CPU.ActiveCfg = Debug|Win32
		{1D305438-CB27-42A7-B46D-266D26E5D0D4}.Debug_GPU|Mixed Platforms.ActiveCfg = Debug|Win32
		{1D305438-CB27-42A7-B46D-266D26E5D0D4}.Debug_GPU|Mixed Platforms.Build.0 = Debug|Win32
		{1D305438-CB27-42A7-B46D-266D26E5D0D4}.Debug_GPU|Win32.ActiveCfg = Debug|Win32
		{1D305438-CB27-42A7-B46D-266D26E5D0D4}.Debug_GPU|Win32.Build.0 = Debug|Win32
		{1D305438-CB27-42A7-B46D-266D26E5D0D4}.Debug_GPU|x64.ActiveCfg = Debug|Win32
		{1D305438-CB27-42A7-B46D-266D26E5D0D4}.Debug|Any CPU.ActiveCfg = Debug|Win32
		{1D305438-CB27-42A7-B46D-266D26E5D0D4}.Debug|Mixed Platforms.ActiveCfg = Debug|Win32
		{1D305438-CB27-42A7-B46D-266D26E5D0D4}.Debug|Mixed Platforms.Build.0 = Debug|Win32
		{1D305438-CB27-42A7-B46D-266D26E5D0D4}.Debug|Win32.ActiveCfg = Debug|Win32
		{1D305438-CB27-42A7-B46D-266D26E5D0D4}.Debug|Win32.Build.0 = Debug|Win32
		{1D305438-CB27-42A7-B46D-266D26E5D0D4}.Debug|x64.ActiveCfg = Debug|Win32
		{1D305438-CB27-42A7-B46D-266D26E5D0D4}.Release_GPU|Any CPU.ActiveCfg = Release|Win32
		{1D305438-CB27-42A7-B46D-266D26E5D0D4}.Release_GPU|Mixed Platforms.ActiveCfg = Release|Win32
		{1D305438-CB27-42A7-B46D-266D26E5D0D4}.Release_GPU|Mixed Platforms.Build.0 = Release|Win32
		{1D305438-CB27-42A7-B46D-266D26E5D0D4}.Release_GPU|Win32.ActiveCfg = Release|Win32
		{1D305438-CB27-42A7-B46D-266D26E5D0D4}.Release_GPU|Win32.Build.0 = Release|Win32
		{1D305438-CB27-42A7-B46D-266D26E5D0D4}.Release_GPU|x64.ActiveCfg = Release|Win32
		{1D305438-CB27-42A7-B46D-266D26E5D0D4}.Release|Any CPU.ActiveCfg = Release|Win32
		{1D305438-CB27-42A7-B46D-266D26E5D0D4}.Release|Mixed Platforms.ActiveCfg = Release|Win32
		{1D305438-CB27-42A7-B46D-266D26E5D0D4}.Release|Mixed Platforms.Build.0 = Release|Win32
		{1D305438-CB27-42A7-B46D-266D26E5D0D4}.Release|Win32.ActiveCfg = Release|Win32
		{1D305438-CB27-42A7-B46D-266D26E5D0D4}.Release|Win32.Build.0 = Release|Win32
		{1D305438-CB27-42A7-B46D-266D26E5D0D4}.Release|x64.ActiveCfg = Release|Win32
		{3D033E2E-7050-486F-8B11-731909AA533F}.Debug_GPU|Any CPU.ActiveCfg = Debug|Win32
		{3D033E2E-7050-486F-8B11-731909AA533F}.Debug_GPU|Mixed Platforms.ActiveCfg = Debug|Win32
		{3D033E2E-7050-486F-8B11-731909AA533F}.Debug_GPU|Mixed Platforms.Build.0 = Debug|Win32
		{3D033E2E-7050-486F-8B11-731909AA533F}.Debug_GPU|Win32.ActiveCfg = Debug|Win32
		{3D033E2E-7050-486F-8B11-731909AA533F}.Debug_GPU|Win32.Build.0 = Debug|Win32
		{3D033E2E-7050-486F-8B11-731909AA533F}.Debug_GPU|x64.ActiveCfg = Debug|Win32
		{3D033E2E-7050-486F-8B11-731909AA533F}.Debug|Any CPU.ActiveCfg = Debug|Win32
		{3D033E2E-7050-486F-8B11-731909AA533F}.Debug|Mixed Platforms.ActiveCfg = Debug|Win32
		{3D033E2E-7050-486F-8B11-731909AA533F}.Debug|Mixed Platforms.Build.0 = Debug|Win32
		{3D033E2E-7050-486F-8B11-731909AA533F}.Debug|Win32.ActiveCfg = Debug|Win32
		{3D033E2E-7050-486F-8B11-731909AA533F}.Debug|Win32.Build.0 = Debug|Win32
		{3D033E2E-7050-486F-8B11-731909AA533F}.Debug|x64.ActiveCfg = Debug|Win32
		{3D033E2E-7050-486F-8B11-731909AA533F}.Release_GPU|Any CPU.ActiveCfg = Release|Win32
		{3D033E2E-7050-486F-8B11-731909AA533F}.Release_GPU|Mixed Platforms.ActiveCfg = Release|Win32
		{3D033E2E-7050-486F-8B11-731909AA533F}.Release_GPU|Mixed Platforms.Build.0 = Release|Win32
		{3D033E2E-7050-486F-8B11-731909AA533F}.Release_GPU|Win32.ActiveCfg = Release|Win32
		{3D033E2E-7050-486F-8B11-731909AA533F}.Release_GPU|Win32.Build.0 = Release|Win32
		{3D033E2E-7050-486F-8B11-731909AA533F}.Release_GPU|x64.ActiveCfg = Release|Win32
		{3D033E2E-7050-486F-8B11-731909AA533F}.Release|Any CPU.ActiveCfg = Release|Win32
		{3D033E2E-7050-486F-8B11-731909AA533F}.Release|Mixed Platforms.ActiveCfg = Release|Win32
		{3D033E2E-7050-486F-8B11-731909AA533F}.Release|Mixed Platforms.Build.0 = Release|Win32
		{3D033E2E-7050-486F-8B11-731909AA533F}.Release|Win32.ActiveCfg = Release|Win32
		{3D033E2E-7050-486F-8B11-731909AA533F}.Release|Win32.Build.0 = Release|Win32
		{3D033E2E-7050-486F-8B11-731909AA533F}.Release|x64.ActiveCfg = Release|Win32
		{F60125F0-E6A1-4AA3-B1B0-3CB2CC7CEA60}.Debug_GPU|Any CPU.ActiveCfg = Debug|Win32
		{F60125F0-E6A1-4AA3-B1B0-3CB2CC7CEA60}.Debug_GPU|Mixed Platforms.ActiveCfg = Debug|Win32
		{F60125F0-E6A1-4AA3-B1B0-3CB2CC7CEA60}.Debug_GPU|Mixed Platforms.Build.0 = Debug|Win32
		{F60125F0-E6A1-4AA3-B1B0-3CB2CC7CEA60}.Debug_GPU|Win32.ActiveCfg = Debug|Win32
		{F60125F0-E6A1-4AA3-B1B0-3CB2CC7CEA60}.Debug_GPU|Win32.Build.0 = Debug|Win32
		{F60125F0-E6A1-4AA3-B1B0-3CB2CC7CEA60}.Debug_GPU|x64.ActiveCfg = Debug|Win32
		{F60125F0-E6A1-4AA3-B1B0-3CB2CC7CEA60}.Debug|Any CPU.ActiveCfg = Debug|Win32
		{F60125F0-E6A1-4AA3-B1B0-3CB2CC7CEA60}.Debug|Mixed Platforms.ActiveCfg = Debug|Win32
		{F60125F0-E6A1-4AA3-B1B0-3CB2CC7CEA60}.Debug|Mixed Platforms.Build.0 = Debug|Win32
		{F60125F0-E6A1-4AA3-B1B0-3CB2CC7CEA60}.Debug|Win32.ActiveCfg = Debug|Win32
		{F60125F0-E6A1-4AA3-B1B0-3CB2CC7CEA60}.Debug|Win32.Build.0 = Debug|Win32
		{F60125F0-E6A1-4AA3-B1B0-3CB2CC7CEA60}.Debug|x64.ActiveCfg = Debug|Win32
		{F60125F0-E6A1-4AA3-B1B0-3CB2CC7CEA60}.Release_GPU|Any CPU.ActiveCfg = Release|Win32
		{F60125F0-E6A1-4AA3-B1B0-3CB2CC7CEA60}.Release_GPU|Mixed Platforms.ActiveCfg = Release|Win32
		{F60125F0-E6A1-4AA3-B1B0-3CB2CC7CEA60}.Release_GPU|Mixed Platforms.Build.0 = Release|Win32
		{F60125F0-E6A1-4AA3-B1B0-3CB2CC7CEA60}.Release_GPU|Win32.ActiveCfg = Release|Win32
		{F60125F0-E6A1-4AA3-B1B0-3CB2CC7CEA60}.Release_GPU|Win32.Build.0 = Release|Win32
		{F60125F0-E6A1-4AA3-B1B0-3CB2CC7CEA60}.Release_GPU|x64.ActiveCfg = Release|Win32
		{F60125F0-E6A1-4AA3-B1B0-3CB2CC7CEA60}.Release|Any CPU.ActiveCfg = Release|Win32
		{F60125F0-E6A1-4AA3-B1B0-3CB2CC7CEA60}.Release|Mixed Platforms.ActiveCfg = Release|Win32
		{F60125F0-E6A1-4AA3-B1B0-3CB2CC7CEA60}.Release|Mixed Platforms.Build.0 = Release|Win32
		{F60125F0-E6A1-4AA3-B1B0-3CB2CC7CEA60}.Release|Win32.ActiveCfg = Release|Win32
		{F60125F0-E6A1-4AA3-B1B0-3CB2CC7CEA60}.Release|Win32.Build.0 = Release|Win32
		{F60125F0-E6A1-4AA3-B1B0-3CB2CC7CEA60}.Release|x64.ActiveCfg = Release|Win32
		{70277128-4896-4ACA-B15E-737D6268C2FB}.Debug_GPU|Any CPU.ActiveCfg = Debug|Win32
		{70277128-4896-4ACA-B15E-737D6268C2FB}.Debug_GPU|Mixed Platforms.ActiveCfg = Debug|Win32
		{70277128-4896-4ACA-B15E-737D6268C2FB}.Debug_GPU|Mixed Platforms.Build.0 = Debug|Win32
		{70277128-4896-4ACA-B15E-737D6268C2FB}.Debug_GPU|Win32.ActiveCfg = Debug|Win32
		{70277128-4896-4ACA-B15E-737D6268C2FB}.Debug_GPU|Win32.Build.0 = Debug|Win32
		{70277128-4896-4ACA-B15E-737D6268C2FB}.Debug_GPU|x64.ActiveCfg = Debug|Win32
		{70277128-4896-4ACA-B15E-737D6268C2FB}.Debug|Any CPU.ActiveCfg = Debug|Win32
		{70277128-4896-4ACA-B15E-737D6268C2FB}.Debug|Mixed Platforms.ActiveCfg = Debug|Win32
		{70277128-4896-4ACA-B15E-737D6268C2FB}.Debug|Mixed Platforms.Build.0 = Debug|Win32
		{70277128-4896-4ACA-B15E-737D6268C2FB}.Debug|Win32.ActiveCfg = Debug|Win32
		{70277128-4896-4ACA-B15E-737D6268C2FB}.Debug|Win32.Build.0 = Debug|Win32
		{70277128-4896-4ACA-B15E-737D6268C2FB}.Debug|x64.ActiveCfg = Debug|Win32
		{70277128-4896-4ACA-B15E-737D6268C2FB}.Release_GPU|Any CPU.ActiveCfg = Release|Win32
		{70277128-4896-4ACA-B15E-737D6268C2FB}.Release_GPU|Mixed Platforms.ActiveCfg = Release|Win32
		{70277128-4896-4ACA-B15E-737D6268C2FB}.Release_GPU|Mixed Platforms.Build.0 = Release|Win32
		{70277128-4896-4ACA-B15E-737D6268C2FB}.Release_GPU|Win32.ActiveCfg = Release|Win32
		{70277128-4896-4ACA-B15E-737D6268C2FB}.Release_GPU|Win32.Build.0 = Release|Win32
		{70277128-4896-4ACA-B15E-737D6268C2FB}.Release_GPU|x64.ActiveCfg = Release|Win32
		{70277128-4896-4ACA-B15E-737D6268C2FB}.Release|Any CPU.ActiveCfg = Release|Win32
		{70277128-4896-4ACA-B15E-737D6268C2FB}.Release|Mixed Platforms.ActiveCfg = Release|Win32
		{70277128-4896-4ACA-B15E-737D6268C2FB}.Release|Mixed Platforms.Build.0 = Release|Win32
		{70277128-4896-4ACA-B15E-737D6268C2FB}.Release|Win32.ActiveCfg = Release|Win32
		{70277128-4896-4ACA-B15E-737D6268C2FB}.Release|Win32.Build.0 = Release|Win32
		{70277128-4896-4ACA-B15E-737D6268C2FB}.Release|x64.ActiveCfg = Release|Win32
		{C71371D8-FAB1-4A05-81B2-8EB0BE8EDF10}.Debug_GPU|Any CPU.ActiveCfg = Debug|Win32
		{C71371D8-FAB1-4A05-81B2-8EB0BE8EDF10}.Debug_GPU|Mixed Platforms.ActiveCfg = Debug|Win32
		{C71371D8-FAB1-4A05-81B2-8EB0BE8EDF10}.Debug_GPU|Mixed Platforms.Build.0 = Debug|Win32
		{C71371D8-FAB1-4A05-81B2-8EB0BE8EDF10}.Debug_GPU|Win32.ActiveCfg = Debug|Win32
		{C71371D8-FAB1-4A05-81B2-8EB0BE8EDF10}.Debug_GPU|Win32.Build.0 = Debug|Win32
		{C71371D8-FAB1-4A05-81B2-8EB0BE8EDF10}.Debug_GPU|x64.ActiveCfg = Debug|Win32
		{C71371D8-FAB1-4A05-81B2-8EB0BE8EDF10}.Debug|Any CPU.ActiveCfg = Debug|Win32
		{C71371D8-FAB1-4A05-81B2-8EB0BE8EDF10}.Debug|Mixed Platforms.ActiveCfg = Debug|Win32
		{C71371D8-FAB1-4A05-81B2-8EB0BE8EDF10}.Debug|Mixed Platforms.Build.0 = Debug|Win32
		{C71371D8-FAB1-4A05-81B2-8EB0BE8EDF10}.Debug|Win32.ActiveCfg = Debug|Win32
		{C71371D8-FAB1-4A05-81B2-8EB0BE8EDF10}.Debug|Win32.Build.0 = Debug|Win32
		{C71371D8-FAB1-4A05-81B2-8EB0BE8EDF10}.Debug|x64.ActiveCfg = Debug|Win32
		{C71371D8-FAB1-4A05-81B2-8EB0BE8EDF10}.Release_GPU|Any CPU.ActiveCfg = Release|Win32
		{C71371D8-FAB1-4A05-81B2-8EB0BE8EDF10}.Release_GPU|Mixed Platforms.ActiveCfg = Release|Win32
		{C71371D8-FAB1-4A05-81B2-8EB0BE8EDF10}.Release_GPU|Mixed Platforms.Build.0 = Release|Win32
		{C71371D8-FAB1-4A05-81B2-8EB0BE8EDF10}.Release_GPU|Win32.ActiveCfg = Release|Win32
		{C71371D8-FAB1-4A05-81B2-8EB0BE8EDF10}.Release_GPU|Win32.Build.0 = Release|Win32
		{C71371D8-FAB1-4A05-81B2-8EB0BE8EDF10}.Release_GPU|x64.ActiveCfg = Release|Win32
		{C71371D8-FAB1-4A05-81B2-8EB0BE8EDF10}.Release|Any CPU.ActiveCfg = Release|Win32
		{C71371D8-FAB1-4A05-81B2-8EB0BE8EDF10}.Release|Mixed Platforms.ActiveCfg = Release|Win32
		{C71371D8-FAB1-4A05-81B2-8EB0BE8EDF10}.Release|Mixed Platforms.Build.0 = Release|Win32
		{C71371D8-FAB1-4A05-81B2-8EB0BE8EDF10}.Release|Win32.ActiveCfg = Release|Win32
		{C71371D8-FAB1-4A05-81B2-8EB0BE8EDF10}.Release|Win32.Build.0 = Release|Win32
		{C71371D8-FAB1-4A05-81B2-8EB0BE8EDF10}.Release|x64.ActiveCfg = Release|Win32
		{5873CC81-004F-4164-A396-5E96944B82A2}.Debug_GPU|Any CPU.ActiveCfg = Debug|Win32
		{5873CC81-004F-4164-A396-5E96944B82A2}.Debug_GPU|Mixed Platforms.ActiveCfg = Debug|Win32
		{5873CC81-004F-4164-A396-5E96944B82A2}.Debug_GPU|Mixed Platforms.Build.0 = Debug|Win32
		{5873CC81-004F-4164-A396-5E96944B82A2}.Debug_GPU|Win32.ActiveCfg = Debug|Win32
		{5873CC81-004F-4164-A396-5E96944B82A2}.Debug_GPU|Win32.Build.0 = Debug|Win32
		{5873CC81-004F-4164-A396-5E96944B82A2}.Debug_GPU|x64.ActiveCfg = Debug|Win32
		{5873CC81-004F-4164-A396-5E96944B82A2}.Debug|Any CPU.ActiveCfg = Debug|Win32
		{5873CC81-004F-4164-A396-5E96944B82A2}.Debug|Mixed Platforms.ActiveCfg = Debug|Win32
		{5873CC81-004F-4164-A396-5E96944B82A2}.Debug|Mixed Platforms.Build.0 = Debug|Win32
		{5873CC81-004F-4164-A396-5E96944B82A2}.Debug|Win32.ActiveCfg = Debug|Win32
		{5873CC81-004F-4164-A396-5E96944B82A2}.Debug|Win32.Build.0 = Debug|Win32
		{5873CC81-004F-4164-A396-5E96944B82A2}.Debug|x64.ActiveCfg = Debug|Win32
		{5873CC81-004F-4164-A396-5E96944B82A2}.Release_GPU|Any CPU.ActiveCfg = Release|Win32
		{5873CC81-004F-4164-A396-5E96944B82A2}.Release_GPU|Mixed Platforms.ActiveCfg = Release|Win32
		{5873CC81-004F-4164-A396-5E96944B82A2}.Release_GPU|Mixed Platforms.Build.0 = Release|Win32
		{5873CC81-004F-4164-A396-5E96944B82A2}.Release_GPU|Win32.ActiveCfg = Release|Win32
		{5873CC81-004F-4164-A396-5E96944B82A2}.Release_GPU|Win32.Build.0 = Release|Win32
		{5873CC81-004F-4164-A396-5E96944B82A2}.Release_GPU|x64.ActiveCfg = Release|Win32
		{5873CC81-004F-4164-A396-5E96944B82A2}.Release|Any CPU.ActiveCfg = Release|Win32
		{5873CC81-004F-4164-A396-5E96944B82A2}.Release|Mixed Platforms.ActiveCfg = Release|Win32
		{5873CC81-004F-4164-A396-5E96944B82A2}.Release|Mixed Platforms.Build.0 = Release|Win32
		{5873CC81-004F-4164-A396-5E96944B82A2}.Release|Win32.ActiveCfg = Release|Win32
		{5873CC81-004F-4164-A396-5E96944B82A2}.Release|Win32.Build.0 = Release|Win32
		{5873CC81-004F-4164-A396-5E96944B82A2}.Release|x64.ActiveCfg = Release|Win32
		{71C82686-36D9-44ED-B40B-5999C26F1FEE}.Debug_GPU|Any CPU.ActiveCfg = Debug|Win32
		{71C82686-36D9-44ED-B40B-5999C26F1FEE}.Debug_GPU|Mixed Platforms.ActiveCfg = Debug|Win32
		{71C82686-36D9-44ED-B40B-5999C26F1FEE}.Debug_GPU|Mixed Platforms.Build.0 = Debug|Win32
		{71C82686-36D9-44ED-B40B-5999C26F1FEE}.Debug_GPU|Win32.ActiveCfg = Debug|Win32
		{71C82686-36D9-44ED-B40B-5999C26F1FEE}.Debug_GPU|Win32.Build.0 = Debug|Win32
		{71C82686-36D9-44ED-B40B-5999C26F1FEE}.Debug_GPU|x64.ActiveCfg = Debug|Win32
		{71C82686-36D9-44ED-B40B-5999C26F1FEE}.Debug|Any CPU.ActiveCfg = Debug|Win32
		{71C82686-36D9-44ED-B40B-5999C26F1FEE}.Debug|Mixed Platforms.ActiveCfg = Debug|Win32
		{71C82686-36D9-44ED-B40B-5999C26F1FEE}.Debug|Mixed Platforms.Build.0 = Debug|Win32
		{71C82686-36D9-44ED-B40B-5999C26F1FEE}.Debug|Win32.ActiveCfg = Debug|Win32
		{71C82686-36D9-44ED-B40B-5999C26F1FEE}.Debug|Win32.Build.0 = Debug|Win32
		{71C82686-36D9-44ED-B40B-5999C26F1FEE}.Debug|x64.ActiveCfg = Debug|Win32
		{71C82686-36D9-44ED-B40B-5999C26F1FEE}.Release_GPU|Any CPU.ActiveCfg = Release|Win32
		{71C82686-36D9-44ED-B40B-5999C26F1FEE}.Release_GPU|Mixed Platforms.ActiveCfg = Release|Win32
		{71C82686-36D9-44ED-B40B-5999C26F1FEE}.Release_GPU|Mixed Platforms.Build.0 = Release|Win32
		{71C82686-36D9-44ED-B40B-5999C26F1FEE}.Release_GPU|Win32.ActiveCfg = Release|Win32
		{71C82686-36D9-44ED-B40B-5999C26F1FEE}.Release_GPU|Win32.Build.0 = Release|Win32
		{71C82686-36D9-44ED-B40B-5999C26F1FEE}.Release_GPU|x64.ActiveCfg = Release|Win32
		{71C82686-36D9-44ED-B40B-5999C26F1FEE}.Release|Any CPU.ActiveCfg = Release|Win32
		{71C82686-36D9-44ED-B40B-5999C26F1FEE}.Release|Mixed Platforms.ActiveCfg = Release|Win32
		{71C82686-36D9-44ED-B40B-5999C26F1FEE}.Release|Mixed Platforms.Build.0 = Release|Win32
		{71C82686-36D9-44ED-B40B-5999C26F1FEE}.Release|Win32.ActiveCfg = Release|Win32
		{71C82686-36D9-44ED-B40B-5999C26F1FEE}.Release|Win32.Build.0 = Release|Win32
		{71C82686-36D9-44ED-B40B-5999C26F1FEE}.Release|x64.ActiveCfg = Release|Win32
		{13048694-C584-4686-B1D3-C2BF86A28D82}.Debug_GPU|Any CPU.ActiveCfg = Debug|Win32
		{13048694-C584-4686-B1D3-C2BF86A28D82}.Debug_GPU|Mixed Platforms.ActiveCfg = Debug|Win32
		{13048694-C584-4686-B1D3-C2BF86A28D82}.Debug_GPU|Mixed Platforms.Build.0 = Debug|Win32
		{13048694-C584-4686-B1D3-C2BF86A28D82}.Debug_GPU|Win32.ActiveCfg = Debug|Win32
		{13048694-C584-4686-B1D3-C2BF86A28D82}.Debug_GPU|Win32.Build.0 = Debug|Win32
		{13048694-C584-4686-B1D3-C2BF86A28D82}.Debug_GPU|x64.ActiveCfg = Debug|Win32
		{13048694-C584-4686-B1D3-C2BF86A28D82}.Debug|Any CPU.ActiveCfg = Debug|Win32
		{13048694-C584-4686-B1D3-C2BF86A28D82}.Debug|Mixed Platforms.ActiveCfg = Debug|Win32
		{13048694-C584-4686-B1D3-C2BF86A28D82}.Debug|Mixed Platforms.Build.0 = Debug|Win32
		{13048694-C584-4686-B1D3-C2BF86A28D82}.Debug|Win32.ActiveCfg = Debug|Win32
		{13048694-C584-4686-B1D3-C2BF86A28D82}.Debug|Win32.Build.0 = Debug|Win32
		{13048694-C584-4686-B1D3-C2BF86A28D82}.Debug|x64.ActiveCfg = Debug|Win32
		{13048694-C584-4686-B1D3-C2BF86A28D82}.Release_GPU|Any CPU.ActiveCfg = Release|Win32
		{13048694-C584-4686-B1D3-C2BF86A28D82}.Release_GPU|Mixed Platforms.ActiveCfg = Release|Win32
		{13048694-C584-4686-B1D3-C2BF86A28D82}.Release_GPU|Mixed Platforms.Build.0 = Release|Win32
		{13048694-C584-4686-B1D3-C2BF86A28D82}.Release_GPU|Win32.ActiveCfg = Release|Win32
		{13048694-C584-4686-B1D3-C2BF86A28D82}.Release_GPU|Win32.Build.0 = Release|Win32
		{13048694-C584-4686-B1D3-C2BF86A28D82}.Release_GPU|x64.ActiveCfg = Release|Win32
		{13048694-C584-4686-B1D3-C2BF86A28D82}.Release|Any CPU.ActiveCfg = Release|Win32
		{13048694-C584-4686-B1D3-C2BF86A28D82}.Release|Mixed Platforms.ActiveCfg = Release|Win32
		{13048694-C584-4686-B1D3-C2BF86A28D82}.Release|Mixed Platforms.Build.0 = Release|Win32
		{13048694-C584-4686-B1D3-C2BF86A28D82}.Release|Win32.ActiveCfg = Release|Win32
		{13048694-C584-4686-B1D3-C2BF86A28D82}.Release|Win32.Build.0 = Release|Win32
		{13048694-C584-4686-B1D3-C2BF86A28D82}.Release|x64.ActiveCfg = Release|Win32
		{AA32EB09-71AD-445D-BB65-2F49011BFDC7}.Debug_GPU|Any CPU.ActiveCfg = Debug|Win32
		{AA32EB09-71AD-445D-BB65-2F49011BFDC7}.Debug_GPU|Mixed Platforms.ActiveCfg = Debug|Win32
		{AA32EB09-71AD-445D-BB65-2F49011BFDC7}.Debug_GPU|Mixed Platforms.Build.0 = Debug|Win32
		{AA32EB09-71AD-445D-BB65-2F49011BFDC7}.Debug_GPU|Win32.ActiveCfg = Debug|Win32
		{AA32EB09-71AD-445D-BB65-2F49011BFDC7}.Debug_GPU|Win32.Build.0 = Debug|Win32
		{AA32EB09-71AD-445D-BB65-2F49011BFDC7}.Debug_GPU|x64.ActiveCfg = Debug|Win32
		{AA32EB09-71AD-445D-BB65-2F49011BFDC7}.Debug|Any CPU.ActiveCfg = Debug|Win32
		{AA32EB09-71AD-445D-BB65-2F49011BFDC7}.Debug|Mixed Platforms.ActiveCfg = Debug|Win32
		{AA32EB09-71AD-445D-BB65-2F49011BFDC7}.Debug|Mixed Platforms.Build.0 = Debug|Win32
		{AA32EB09-71AD-445D-BB65-2F49011BFDC7}.Debug|Win32.ActiveCfg = Debug|Win32
		{AA32EB09-71AD-445D-BB65-2F49011BFDC7}.Debug|Win32.Build.0 = Debug|Win32
		{AA32EB09-71AD-445D-BB65-2F49011BFDC7}.Debug|x64.ActiveCfg = Debug|Win32
		{AA32EB09-71AD-445D-BB65-2F49011BFDC7}.Release_GPU|Any CPU.ActiveCfg = Release|Win32
		{AA32EB09-71AD-445D-BB65-2F49011BFDC7}.Release_GPU|Mixed Platforms.ActiveCfg = Release|Win32
		{AA32EB09-71AD-445D-BB65-2F49011BFDC7}.Release_GPU|Mixed Platforms.Build.0 = Release|Win32
		{AA32EB09-71AD-445D-BB65-2F49011BFDC7}.Release_GPU|Win32.ActiveCfg = Release|Win32
		{AA32EB09-71AD-445D-BB65-2F49011BFDC7}.Release_GPU|Win32.Build.0 = Release|Win32
		{AA32EB09-71AD-445D-BB65-2F49011BFDC7}.Release_GPU|x64.ActiveCfg = Release|Win32
		{AA32EB09-71AD-445D-BB65-2F49011BFDC7}.Release|Any CPU.ActiveCfg = Release|Win32
		{AA32EB09-71AD-445D-BB65-2F49011BFDC7}.Release|Mixed Platforms.ActiveCfg = Release|Win32
		{AA32EB09-71AD-445D-BB65-2F49011BFDC7}.Release|Mixed Platforms.Build.0 = Release|Win32
		{AA32EB09-71AD-445D-BB65-2F49011BFDC7}.Release|Win32.ActiveCfg = Release|Win32
		{AA32EB09-71AD-445D-BB65-2F49011BFDC7}.Release|Win32.Build.0 = Release|Win32
		{AA32EB09-71AD-445D-BB65-2F49011BFDC7}.Release|x64.ActiveCfg = Release|Win32
		{807DC5E7-FE70-4D75-AE84-669025870E23}.Debug_GPU|Any CPU.ActiveCfg = Debug|Win32
		{807DC5E7-FE70-4D75-AE84-669025870E23}.Debug_GPU|Mixed Platforms.ActiveCfg = Debug|Win32
		{807DC5E7-FE70-4D75-AE84-669025870E23}.Debug_GPU|Mixed Platforms.Build.0 = Debug|Win32
		{807DC5E7-FE70-4D75-AE84-669025870E23}.Debug_GPU|Win32.ActiveCfg = Debug|Win32
		{807DC5E7-FE70-4D75-AE84-669025870E23}.Debug_GPU|Win32.Build.0 = Debug|Win32
		{807DC5E7-FE70-4D75-AE84-669025870E23}.Debug_GPU|x64.ActiveCfg = Debug|Win32
		{807DC5E7-FE70-4D75-AE84-669025870E23}.Debug|Any CPU.ActiveCfg = Debug|Win32
		{807DC5E7-FE70-4D75-AE84-669025870E23}.Debug|Mixed Platforms.ActiveCfg = Debug|Win32
		{807DC5E7-FE70-4D75-AE84-669025870E23}.Debug|Mixed Platforms.Build.0 = Debug|Win32
		{807DC5E7-FE70-4D75-AE84-669025870E23}.Debug|Win32.ActiveCfg = Debug|Win32
		{807DC5E7-FE70-4D75-AE84-669025870E23}.Debug|Win32.Build.0 = Debug|Win32
		{807DC5E7-FE70-4D75-AE84-669025870E23}.Debug|x64.ActiveCfg = Debug|Win32
		{807DC5E7-FE70-4D75-AE84-669025870E23}.Release_GPU|Any CPU.ActiveCfg = Release|Win32
		{807DC5E7-FE70-4D75-AE84-669025870E23}.Release_GPU|Mixed Platforms.ActiveCfg = Release|Win32
		{807DC5E7-FE70-4D75-AE84-669025870E23}.Release_GPU|Mixed Platforms.Build.0 = Release|Win32
		{807DC5E7-FE70-4D75-AE84-669025870E23}.Release_GPU|Win32.ActiveCfg = Release|Win32
		{807DC5E7-FE70-4D75-AE84-669025870E23}.Release_GPU|Win32.Build.0 = Release|Win32
		{807DC5E7-FE70-4D75-AE84-669025870E23}.Release_GPU|x64.ActiveCfg = Release|Win32
		{807DC5E7-FE70-4D75-AE84-669025870E23}.Release|Any CPU.ActiveCfg = Release|Win32
		{807DC5E7-FE70-4D75-AE84-669025870E23}.Release|Mixed Platforms.ActiveCfg = Release|Win32
		{807DC5E7-FE70-4D75-AE84-669025870E23}.Release|Mixed Platforms.Build.0 = Release|Win32
		{807DC5E7-FE70-4D75-AE84-669025870E23}.Release|Win32.ActiveCfg = Release|Win32
		{807DC5E7-FE70-4D75-AE84-669025870E23}.Release|Win32.Build.0 = Release|Win32
		{807DC5E7-FE70-4D75-AE84-669025870E23}.Release|x64.ActiveCfg = Release|Win32
		{63A0BA51-CFCF-4E12-87BC-C2EB341DE1A4}.Debug_GPU|Any CPU.ActiveCfg = Debug|Win32
		{63A0BA51-CFCF-4E12-87BC-C2EB341DE1A4}.Debug_GPU|Mixed Platforms.ActiveCfg = Debug|Win32
		{63A0BA51-CFCF-4E12-87BC-C2EB341DE1A4}.Debug_GPU|Mixed Platforms.Build.0 = Debug|Win32
		{63A0BA51-CFCF-4E12-87BC-C2EB341DE1A4}.Debug_GPU|Win32.ActiveCfg = Debug|Win32
		{63A0BA51-CFCF-4E12-87BC-C2EB341DE1A4}.Debug_GPU|Win32.Build.0 = Debug|Win32
		{63A0BA51-CFCF-4E12-87BC-C2EB341DE1A4}.Debug_GPU|x64.ActiveCfg = Debug|Win32
		{63A0BA51-CFCF-4E12-87BC-C2EB341DE1A4}.Debug|Any CPU.ActiveCfg = Debug|Win32
		{63A0BA51-CFCF-4E12-87BC-C2EB341DE1A4}.Debug|Mixed Platforms.ActiveCfg = Debug|Win32
		{63A0BA51-CFCF-4E12-87BC-C2EB341DE1A4}.Debug|Mixed Platforms.Build.0 = Debug|Win32
		{63A0BA51-CFCF-4E12-87BC-C2EB341DE1A4}.Debug|Win32.ActiveCfg = Debug|Win32
		{63A0BA51-CFCF-4E12-87BC-C2EB341DE1A4}.Debug|Win32.Build.0 = Debug|Win32
		{63A0BA51-CFCF-4E12-87BC-C2EB341DE1A4}.Debug|x64.ActiveCfg = Debug|Win32
		{63A0BA51-CFCF-4E12-87BC-C2EB341DE1A4}.Release_GPU|Any CPU.ActiveCfg = Release|Win32
		{63A0BA51-CFCF-4E12-87BC-C2EB341DE1A4}.Release_GPU|Mixed Platforms.ActiveCfg = Release|Win32
		{63A0BA51-CFCF-4E12-87BC-C2EB341DE1A4}.Release_GPU|Mixed Platforms.Build.0 = Release|Win32
		{63A0BA51-CFCF-4E12-87BC-C2EB341DE1A4}.Release_GPU|Win32.ActiveCfg = Release|Win32
		{63A0BA51-CFCF-4E12-87BC-C2EB341DE1A4}.Release_GPU|Win32.Build.0 = Release|Win32
		{63A0BA51-CFCF-4E12-87BC-C2EB341DE1A4}.Release_GPU|x64.ActiveCfg = Release|Win32
		{63A0BA51-CFCF-4E12-87BC-C2EB341DE1A4}.Release|Any CPU.ActiveCfg = Release|Win32
		{63A0BA51-CFCF-4E12-87BC-C2EB341DE1A4}.Release|Mixed Platforms.ActiveCfg = Release|Win32
		{63A0BA51-CFCF-4E12-87BC-C2EB341DE1A4}.Release|Mixed Platforms.Build.0 = Release|Win32
		{63A0BA51-CFCF-4E12-87BC-C2EB341DE1A4}.Release|Win32.ActiveCfg = Release|Win32
		{63A0BA51-CFCF-4E12-87BC-C2EB341DE1A4}.Release|Win32.Build.0 = Release|Win32
		{63A0BA51-CFCF-4E12-87BC-C2EB341DE1A4}.Release|x64.ActiveCfg = Release|Win32
		{C3312A95-AA1B-4741-ABBB-97CA058A8219}.Debug_GPU|Any CPU.ActiveCfg = Debug|Win32
		{C3312A95-AA1B-4741-ABBB-97CA058A8219}.Debug_GPU|Mixed Platforms.ActiveCfg = Debug|Win32
		{C3312A95-AA1B-4741-ABBB-97CA058A8219}.Debug_GPU|Mixed Platforms.Build.0 = Debug|Win32
		{C3312A95-AA1B-4741-ABBB-97CA058A8219}.Debug_GPU|Win32.ActiveCfg = Debug|Win32
		{C3312A95-AA1B-4741-ABBB-97CA058A8219}.Debug_GPU|Win32.Build.0 = Debug|Win32
		{C3312A95-AA1B-4741-ABBB-97CA058A8219}.Debug_GPU|x64.ActiveCfg = Debug|Win32
		{C3312A95-AA1B-4741-ABBB-97CA058A8219}.Debug|Any CPU.ActiveCfg = Debug|Win32
		{C3312A95-AA1B-4741-ABBB-97CA058A8219}.Debug|Mixed Platforms.ActiveCfg = Debug|Win32
		{C3312A95-AA1B-4741-ABBB-97CA058A8219}.Debug|Mixed Platforms.Build.0 = Debug|Win32
		{C3312A95-AA1B-4741-ABBB-97CA058A8219}.Debug|Win32.ActiveCfg = Debug|Win32
		{C3312A95-AA1B-4741-ABBB-97CA058A8219}.Debug|Win32.Build.0 = Debug|Win32
		{C3312A95-AA1B-4741-ABBB-97CA058A8219}.Debug|x64.ActiveCfg = Debug|Win32
		{C3312A95-AA1B-4741-ABBB-97CA058A8219}.Release_GPU|Any CPU.ActiveCfg = Release|Win32
		{C3312A95-AA1B-4741-ABBB-97CA058A8219}.Release_GPU|Mixed Platforms.ActiveCfg = Release|Win32
		{C3312A95-AA1B-4741-ABBB-97CA058A8219}.Release_GPU|Mixed Platforms.Build.0 = Release|Win32
		{C3312A95-AA1B-4741-ABBB-97CA058A8219}.Release_GPU|Win32.ActiveCfg = Release|Win32
		{C3312A95-AA1B-4741-ABBB-97CA058A8219}.Release_GPU|Win32.Build.0 = Release|Win32
		{C3312A95-AA1B-4741-ABBB-97CA058A8219}.Release_GPU|x64.ActiveCfg = Release|Win32
		{C3312A95-AA1B-4741-ABBB-97CA058A8219}.Release|Any CPU.ActiveCfg = Release|Win32
		{C3312A95-AA1B-4741-ABBB-97CA058A8219}.Release|Mixed Platforms.ActiveCfg = Release|Win32
		{C3312A95-AA1B-4741-ABBB-97CA058A8219}.Release|Mixed Platforms.Build.0 = Release|Win32
		{C3312A95-AA1B-4741-ABBB-97CA058A8219}.Release|Win32.ActiveCfg = Release|Win32
		{C3312A95-AA1B-4741-ABBB-97CA058A8219}.Release|Win32.Build.0 = Release|Win32
		{C3312A95-AA1B-4741-ABBB-97CA058A8219}.Release|x64.ActiveCfg = Release|Win32
		{72658D66-7BA6-4D47-9E6C-28BFF8AA4EE5}.Debug_GPU|Any CPU.ActiveCfg = Debug|Win32
		{72658D66-7BA6-4D47-9E6C-28BFF8AA4EE5}.Debug_GPU|Mixed Platforms.ActiveCfg = Debug|Win32
		{72658D66-7BA6-4D47-9E6C-28BFF8AA4EE5}.Debug_GPU|Mixed Platforms.Build.0 = Debug|Win32
		{72658D66-7BA6-4D47-9E6C-28BFF8AA4EE5}.Debug_GPU|Win32.ActiveCfg = Debug|Win32
		{72658D66-7BA6-4D47-9E6C-28BFF8AA4EE5}.Debug_GPU|Win32.Build.0 = Debug|Win32
		{72658D66-7BA6-4D47-9E6C-28BFF8AA4EE5}.Debug_GPU|x64.ActiveCfg = Debug|Win32
		{72658D66-7BA6-4D47-9E6C-28BFF8AA4EE5}.Debug|Any CPU.ActiveCfg = Debug|Win32
		{72658D66-7BA6-4D47-9E6C-28BFF8AA4EE5}.Debug|Mixed Platforms.ActiveCfg = Debug|Win32
		{72658D66-7BA6-4D47-9E6C-28BFF8AA4EE5}.Debug|Mixed Platforms.Build.0 = Debug|Win32
		{72658D66-7BA6-4D47-9E6C-28BFF8AA4EE5}.Debug|Win32.ActiveCfg = Debug|Win32
		{72658D66-7BA6-4D47-9E6C-28BFF8AA4EE5}.Debug|Win32.Build.0 = Debug|Win32
		{72658D66-7BA6-4D47-9E6C-28BFF8AA4EE5}.Debug|x64.ActiveCfg = Debug|Win32
		{72658D66-7BA6-4D47-9E6C-28BFF8AA4EE5}.Release_GPU|Any CPU.ActiveCfg = Release|Win32
		{72658D66-7BA6-4D47-9E6C-28BFF8AA4EE5}.Release_GPU|Mixed Platforms.ActiveCfg = Release|Win32
		{72658D66-7BA6-4D47-9E6C-28BFF8AA4EE5}.Release_GPU|Mixed Platforms.Build.0 = Release|Win32
		{72658D66-7BA6-4D47-9E6C-28BFF8AA4EE5}.Release_GPU|Win32.ActiveCfg = Release|Win32
		{72658D66-7BA6-4D47-9E6C-28BFF8AA4EE5}.Release_GPU|Win32.Build.0 = Release|Win32
		{72658D66-7BA6-4D47-9E6C-28BFF8AA4EE5}.Release_GPU|x64.ActiveCfg = Release|Win32
		{72658D66-7BA6-4D47-9E6C-28BFF8AA4EE5}.Release|Any CPU.ActiveCfg = Release|Win32
		{72658D66-7BA6-4D47-9E6C-28BFF8AA4EE5}.Release|Mixed Platforms.ActiveCfg = Release|Win32
		{72658D66-7BA6-4D47-9E6C-28BFF8AA4EE5}.Release|Mixed Platforms.Build.0 = Release|Win32
		{72658D66-7BA6-4D47-9E6C-28BFF8AA4EE5}.Release|Win32.ActiveCfg = Release|Win32
		{72658D66-7BA6-4D47-9E6C-28BFF8AA4EE5}.Release|Win32.Build.0 = Release|Win32
		{72658D66-7BA6-4D47-9E6C-28BFF8AA4EE5}.Release|x64.ActiveCfg = Release|Win32
		{8FA95C98-A4E6-4FF0-994A-383A4F5D9D8E}.Debug_GPU|Any CPU.ActiveCfg = Debug|Win32
		{8FA95C98-A4E6-4FF0-994A-383A4F5D9D8E}.Debug_GPU|Mixed Platforms.ActiveCfg = Debug|Win32
		{8FA95C98-A4E6-4FF0-994A-383A4F5D9D8E}.Debug_GPU|Mixed Platforms.Build.0 = Debug|Win32
		{8FA95C98-A4E6-4FF0-994A-383A4F5D9D8E}.Debug_GPU|Win32.ActiveCfg = Debug|Win32
		{8FA95C98-A4E6-4FF0-994A-383A4F5D9D8E}.Debug_GPU|Win32.Build.0 = Debug|Win32
		{8FA95C98-A4E6-4FF0-994A-383A4F5D9D8E}.Debug_GPU|x64.ActiveCfg = Debug|Win32
		{8FA95C98-A4E6-4FF0-994A-383A4F5D9D8E}.Debug|Any CPU.ActiveCfg = Debug|Win32
		{8FA95C98-A4E6-4FF0-994A-383A4F5D9D8E}.Debug|Mixed Platforms.ActiveCfg = Debug|Win32
		{8FA95C98-A4E6-4FF0-994A-383A4F5D9D8E}.Debug|Mixed Platforms.Build.0 = Debug|Win32
		{8FA95C98-A4E6-4FF0-994A-383A4F5D9D8E}.Debug|Win32.ActiveCfg = Debug|Win32
		{8FA95C98-A4E6-4FF0-994A-383A4F5D9D8E}.Debug|Win32.Build.0 = Debug|Win32
		{8FA95C98-A4E6-4FF0-994A-383A4F5D9D8E}.Debug|x64.ActiveCfg = Debug|Win32
		{8FA95C98-A4E6-4FF0-994A-383A4F5D9D8E}.Release_GPU|Any CPU.ActiveCfg = Release|Win32
		{8FA95C98-A4E6-4FF0-994A-383A4F5D9D8E}.Release_GPU|Mixed Platforms.ActiveCfg = Release|Win32
		{8FA95C98-A4E6-4FF0-994A-383A4F5D9D8E}.Release_GPU|Mixed Platforms.Build.0 = Release|Win32
		{8FA95C98-A4E6-4FF0-994A-383A4F5D9D8E}.Release_GPU|Win32.ActiveCfg = Release|Win32
		{8FA95C98-A4E6-4FF0-994A-383A4F5D9D8E}.Release_GPU|Win32.Build.0 = Release|Win32
		{8FA95C98-A4E6-4FF0-994A-383A4F5D9D8E}.Release_GPU|x64.ActiveCfg = Release|Win32
		{8FA95C98-A4E6-4FF0-994A-383A4F5D9D8E}.Release|Any CPU.ActiveCfg = Release|Win32
		{8FA95C98-A4E6-4FF0-994A-383A4F5D9D8E}.Release|Mixed Platforms.ActiveCfg = Release|Win32
		{8FA95C98-A4E6-4FF0-994A-383A4F5D9D8E}.Release|Mixed Platforms.Build.0 = Release|Win32
		{8FA95C98-A4E6-4FF0-994A-383A4F5D9D8E}.Release|Win32.ActiveCfg = Release|Win32
		{8FA95C98-A4E6-4FF0-994A-383A4F5D9D8E}.Release|Win32.Build.0 = Release|Win32
		{8FA95C98-A4E6-4FF0-994A-383A4F5D9D8E}.Release|x64.ActiveCfg = Release|Win32
	EndGlobalSection
	GlobalSection(SolutionProperties) = preSolution
		HideSolutionNode = FALSE
	EndGlobalSection
	GlobalSection(NestedProjects) = preSolution
		{7849A4AA-054A-4764-B459-F8EEBB8345FC} = {39DA80D3-1F78-4F24-8335-7975CF8BFBB6}
		{D561A8C3-2676-4D10-97EF-F6D11DB7BA50} = {4368F5FB-FC33-4285-B774-1145CA7CC19A}
		{7807DA3A-D710-40E8-9AA6-9CCA2362D0F4} = {5A157524-FFB4-48A8-AA60-239614D45285}
		{A2EF585E-82A0-4FB7-BD72-4052A366E166} = {5A157524-FFB4-48A8-AA60-239614D45285}
		{62298714-537D-437B-808A-4B8520EC08D1} = {F4CE8AC7-4F36-46C2-95EC-607E765A74E2}
		{C2E96A98-5070-4E6C-ADDD-F8D7A1D372ED} = {39DA80D3-1F78-4F24-8335-7975CF8BFBB6}
		{7887840C-3808-4307-BC50-D53F6FC8CFC2} = {067FA485-0B6D-400D-8C7E-2DF416AB387C}
		{E0ABC4B4-EB55-4567-9553-3DBCA3C49B33} = {4368F5FB-FC33-4285-B774-1145CA7CC19A}
		{2070B2FD-4D8E-4D42-823C-8F9B25FED260} = {067FA485-0B6D-400D-8C7E-2DF416AB387C}
		{46B71BC4-77D7-4C71-BFF7-00FA3864D849} = {067FA485-0B6D-400D-8C7E-2DF416AB387C}
		{AFF8E664-7899-4A1F-A893-8C7EA2A53BD3} = {75DE883C-2467-466D-9BED-17DF4A9592F6}
		{CDD6C641-8598-40FA-A1E4-12833F381C30} = {75DE883C-2467-466D-9BED-17DF4A9592F6}
		{BFE9BA14-F2AF-4DE1-BDBF-6E8A9062E08B} = {75DE883C-2467-466D-9BED-17DF4A9592F6}
		{75DE883C-2467-466D-9BED-17DF4A9592F6} = {4368F5FB-FC33-4285-B774-1145CA7CC19A}
		{7F6447A8-B1AE-4B96-9FE1-B2BF35A06CE1} = {39DA80D3-1F78-4F24-8335-7975CF8BFBB6}
		{2AA22453-8274-4FA1-83E3-38FA37CFE1BF} = {75DE883C-2467-466D-9BED-17DF4A9592F6}
		{CA5372B3-1DC4-4296-B5A5-931A2700AC49} = {75DE883C-2467-466D-9BED-17DF4A9592F6}
		{55C5B1CF-B891-4158-B84F-4289A3ADCE0F} = {5A157524-FFB4-48A8-AA60-239614D45285}
		{E8D69D28-0865-4188-8AA1-FCB06BB23BFF} = {4368F5FB-FC33-4285-B774-1145CA7CC19A}
		{6A76F381-0A8F-4DE1-9D0A-E46FC4FA5A00} = {5A157524-FFB4-48A8-AA60-239614D45285}
		{BAE08D64-51DD-4779-B902-C1466404C8EC} = {5A157524-FFB4-48A8-AA60-239614D45285}
		{264A935E-A76E-4919-801E-C8E49293207A} = {5A157524-FFB4-48A8-AA60-239614D45285}
		{FC706816-4011-4C6F-B804-5D63B7107B79} = {5A157524-FFB4-48A8-AA60-239614D45285}
		{C94874CE-8C51-4606-8328-02F00A29A828} = {5A157524-FFB4-48A8-AA60-239614D45285}
		{1CC39881-B8C9-425D-B19D-F8B7D26E54AE} = {5A157524-FFB4-48A8-AA60-239614D45285}
		{A805D341-2D59-4DAC-800C-815D977E2964} = {39DA80D3-1F78-4F24-8335-7975CF8BFBB6}
		{F0AF1C74-5127-405F-B273-DC5489D7500A} = {5A157524-FFB4-48A8-AA60-239614D45285}
		{12DAD65A-B6AD-4DF6-BEB5-235DCBC5B5E3} = {5A157524-FFB4-48A8-AA60-239614D45285}
		{1D305438-CB27-42A7-B46D-266D26E5D0D4} = {4368F5FB-FC33-4285-B774-1145CA7CC19A}
		{3D033E2E-7050-486F-8B11-731909AA533F} = {F4CE8AC7-4F36-46C2-95EC-607E765A74E2}
		{F60125F0-E6A1-4AA3-B1B0-3CB2CC7CEA60} = {4368F5FB-FC33-4285-B774-1145CA7CC19A}
		{70277128-4896-4ACA-B15E-737D6268C2FB} = {4368F5FB-FC33-4285-B774-1145CA7CC19A}
		{5873CC81-004F-4164-A396-5E96944B82A2} = {4368F5FB-FC33-4285-B774-1145CA7CC19A}
		{13048694-C584-4686-B1D3-C2BF86A28D82} = {067FA485-0B6D-400D-8C7E-2DF416AB387C}
		{AA32EB09-71AD-445D-BB65-2F49011BFDC7} = {D6ECB875-3D14-40FD-9C3B-8B0DEDB58766}
		{807DC5E7-FE70-4D75-AE84-669025870E23} = {5A157524-FFB4-48A8-AA60-239614D45285}
		{63A0BA51-CFCF-4E12-87BC-C2EB341DE1A4} = {F4CE8AC7-4F36-46C2-95EC-607E765A74E2}
		{C3312A95-AA1B-4741-ABBB-97CA058A8219} = {D6ECB875-3D14-40FD-9C3B-8B0DEDB58766}
		{72658D66-7BA6-4D47-9E6C-28BFF8AA4EE5} = {D6ECB875-3D14-40FD-9C3B-8B0DEDB58766}
		{D6ECB875-3D14-40FD-9C3B-8B0DEDB58766} = {4368F5FB-FC33-4285-B774-1145CA7CC19A}
		{8FA95C98-A4E6-4FF0-994A-383A4F5D9D8E} = {4368F5FB-FC33-4285-B774-1145CA7CC19A}
	EndGlobalSection
EndGlobal
